// !$*UTF8*$!
{
	archiveVersion = 1;
	classes = {
	};
	objectVersion = 55;
	objects = {

/* Begin PBXBuildFile section */
		766F4784274A64DC00992499 /* OnboardingVC.swift in Sources */ = {isa = PBXBuildFile; fileRef = 766F4783274A64DC00992499 /* OnboardingVC.swift */; };
		766F4787274A689B00992499 /* OnboardingSlide.swift in Sources */ = {isa = PBXBuildFile; fileRef = 766F4786274A689B00992499 /* OnboardingSlide.swift */; };
		766F4789274A6A9A00992499 /* OnboardingCollectionViewCell.swift in Sources */ = {isa = PBXBuildFile; fileRef = 766F4788274A6A9A00992499 /* OnboardingCollectionViewCell.swift */; };
		766F478C274A74B600992499 /* Main.storyboard in Resources */ = {isa = PBXBuildFile; fileRef = 766F478B274A74B600992499 /* Main.storyboard */; };
		766F478E274A782A00992499 /* FirstLaunch.swift in Sources */ = {isa = PBXBuildFile; fileRef = 766F478D274A782A00992499 /* FirstLaunch.swift */; };
		766F4791274A7DA800992499 /* SideMenu in Frameworks */ = {isa = PBXBuildFile; productRef = 766F4790274A7DA800992499 /* SideMenu */; };
		766F4793274A7E5300992499 /* SideMenu.storyboard in Resources */ = {isa = PBXBuildFile; fileRef = 766F4792274A7E5300992499 /* SideMenu.storyboard */; };
		766F4796274A7E8900992499 /* SideMenuNC.swift in Sources */ = {isa = PBXBuildFile; fileRef = 766F4795274A7E8900992499 /* SideMenuNC.swift */; };
		766F4798274A7EB000992499 /* SideMenuVC.swift in Sources */ = {isa = PBXBuildFile; fileRef = 766F4797274A7EB000992499 /* SideMenuVC.swift */; };
		766F479B274A951800992499 /* FVTest.storyboard in Resources */ = {isa = PBXBuildFile; fileRef = 766F479A274A951800992499 /* FVTest.storyboard */; };
		766F479D274A955400992499 /* FVTestVC.swift in Sources */ = {isa = PBXBuildFile; fileRef = 766F479C274A955400992499 /* FVTestVC.swift */; };
		766F479F274A98B700992499 /* Profile.storyboard in Resources */ = {isa = PBXBuildFile; fileRef = 766F479E274A98B700992499 /* Profile.storyboard */; };
		766F47A1274A98CD00992499 /* ProfileVC.swift in Sources */ = {isa = PBXBuildFile; fileRef = 766F47A0274A98CD00992499 /* ProfileVC.swift */; };
		766F47A3274A9BBF00992499 /* Setting.storyboard in Resources */ = {isa = PBXBuildFile; fileRef = 766F47A2274A9BBF00992499 /* Setting.storyboard */; };
		766F47A5274A9BCF00992499 /* SettingVC.swift in Sources */ = {isa = PBXBuildFile; fileRef = 766F47A4274A9BCF00992499 /* SettingVC.swift */; };
		766F47A7274A9C3F00992499 /* Proverb.storyboard in Resources */ = {isa = PBXBuildFile; fileRef = 766F47A6274A9C3F00992499 /* Proverb.storyboard */; };
		766F47A9274A9C4E00992499 /* ProverbVC.swift in Sources */ = {isa = PBXBuildFile; fileRef = 766F47A8274A9C4E00992499 /* ProverbVC.swift */; };
		76C6F63527462BFE00802232 /* AppDelegate.swift in Sources */ = {isa = PBXBuildFile; fileRef = 76C6F63427462BFE00802232 /* AppDelegate.swift */; };
		76C6F63727462BFE00802232 /* SceneDelegate.swift in Sources */ = {isa = PBXBuildFile; fileRef = 76C6F63627462BFE00802232 /* SceneDelegate.swift */; };
		76C6F63927462BFE00802232 /* ViewController.swift in Sources */ = {isa = PBXBuildFile; fileRef = 76C6F63827462BFE00802232 /* ViewController.swift */; };
		76C6F63C27462BFE00802232 /* Onboarding.storyboard in Resources */ = {isa = PBXBuildFile; fileRef = 76C6F63A27462BFE00802232 /* Onboarding.storyboard */; };
		76C6F63E27462C0000802232 /* Assets.xcassets in Resources */ = {isa = PBXBuildFile; fileRef = 76C6F63D27462C0000802232 /* Assets.xcassets */; };
		76C6F64127462C0000802232 /* LaunchScreen.storyboard in Resources */ = {isa = PBXBuildFile; fileRef = 76C6F63F27462C0000802232 /* LaunchScreen.storyboard */; };
/* End PBXBuildFile section */

/* Begin PBXFileReference section */
		766F4783274A64DC00992499 /* OnboardingVC.swift */ = {isa = PBXFileReference; lastKnownFileType = sourcecode.swift; path = OnboardingVC.swift; sourceTree = "<group>"; };
		766F4786274A689B00992499 /* OnboardingSlide.swift */ = {isa = PBXFileReference; lastKnownFileType = sourcecode.swift; path = OnboardingSlide.swift; sourceTree = "<group>"; };
		766F4788274A6A9A00992499 /* OnboardingCollectionViewCell.swift */ = {isa = PBXFileReference; lastKnownFileType = sourcecode.swift; path = OnboardingCollectionViewCell.swift; sourceTree = "<group>"; };
		766F478B274A74B600992499 /* Main.storyboard */ = {isa = PBXFileReference; lastKnownFileType = file.storyboard; path = Main.storyboard; sourceTree = "<group>"; };
		766F478D274A782A00992499 /* FirstLaunch.swift */ = {isa = PBXFileReference; lastKnownFileType = sourcecode.swift; path = FirstLaunch.swift; sourceTree = "<group>"; };
		766F4792274A7E5300992499 /* SideMenu.storyboard */ = {isa = PBXFileReference; lastKnownFileType = file.storyboard; path = SideMenu.storyboard; sourceTree = "<group>"; };
		766F4795274A7E8900992499 /* SideMenuNC.swift */ = {isa = PBXFileReference; lastKnownFileType = sourcecode.swift; path = SideMenuNC.swift; sourceTree = "<group>"; };
		766F4797274A7EB000992499 /* SideMenuVC.swift */ = {isa = PBXFileReference; lastKnownFileType = sourcecode.swift; path = SideMenuVC.swift; sourceTree = "<group>"; };
		766F479A274A951800992499 /* FVTest.storyboard */ = {isa = PBXFileReference; lastKnownFileType = file.storyboard; path = FVTest.storyboard; sourceTree = "<group>"; };
		766F479C274A955400992499 /* FVTestVC.swift */ = {isa = PBXFileReference; lastKnownFileType = sourcecode.swift; path = FVTestVC.swift; sourceTree = "<group>"; };
		766F479E274A98B700992499 /* Profile.storyboard */ = {isa = PBXFileReference; lastKnownFileType = file.storyboard; path = Profile.storyboard; sourceTree = "<group>"; };
		766F47A0274A98CD00992499 /* ProfileVC.swift */ = {isa = PBXFileReference; lastKnownFileType = sourcecode.swift; path = ProfileVC.swift; sourceTree = "<group>"; };
		766F47A2274A9BBF00992499 /* Setting.storyboard */ = {isa = PBXFileReference; lastKnownFileType = file.storyboard; path = Setting.storyboard; sourceTree = "<group>"; };
		766F47A4274A9BCF00992499 /* SettingVC.swift */ = {isa = PBXFileReference; lastKnownFileType = sourcecode.swift; path = SettingVC.swift; sourceTree = "<group>"; };
		766F47A6274A9C3F00992499 /* Proverb.storyboard */ = {isa = PBXFileReference; lastKnownFileType = file.storyboard; path = Proverb.storyboard; sourceTree = "<group>"; };
		766F47A8274A9C4E00992499 /* ProverbVC.swift */ = {isa = PBXFileReference; lastKnownFileType = sourcecode.swift; path = ProverbVC.swift; sourceTree = "<group>"; };
		76C6F63127462BFE00802232 /* farewell-vaccine.app */ = {isa = PBXFileReference; explicitFileType = wrapper.application; includeInIndex = 0; path = "farewell-vaccine.app"; sourceTree = BUILT_PRODUCTS_DIR; };
		76C6F63427462BFE00802232 /* AppDelegate.swift */ = {isa = PBXFileReference; lastKnownFileType = sourcecode.swift; path = AppDelegate.swift; sourceTree = "<group>"; };
		76C6F63627462BFE00802232 /* SceneDelegate.swift */ = {isa = PBXFileReference; lastKnownFileType = sourcecode.swift; path = SceneDelegate.swift; sourceTree = "<group>"; };
		76C6F63827462BFE00802232 /* ViewController.swift */ = {isa = PBXFileReference; lastKnownFileType = sourcecode.swift; path = ViewController.swift; sourceTree = "<group>"; };
		76C6F63B27462BFE00802232 /* Base */ = {isa = PBXFileReference; lastKnownFileType = file.storyboard; name = Base; path = Base.lproj/Onboarding.storyboard; sourceTree = "<group>"; };
		76C6F63D27462C0000802232 /* Assets.xcassets */ = {isa = PBXFileReference; lastKnownFileType = folder.assetcatalog; path = Assets.xcassets; sourceTree = "<group>"; };
		76C6F64027462C0000802232 /* Base */ = {isa = PBXFileReference; lastKnownFileType = file.storyboard; name = Base; path = Base.lproj/LaunchScreen.storyboard; sourceTree = "<group>"; };
		76C6F64227462C0000802232 /* Info.plist */ = {isa = PBXFileReference; lastKnownFileType = text.plist.xml; path = Info.plist; sourceTree = "<group>"; };
/* End PBXFileReference section */

/* Begin PBXFrameworksBuildPhase section */
		76C6F62E27462BFE00802232 /* Frameworks */ = {
			isa = PBXFrameworksBuildPhase;
			buildActionMask = 2147483647;
			files = (
				766F4791274A7DA800992499 /* SideMenu in Frameworks */,
			);
			runOnlyForDeploymentPostprocessing = 0;
		};
/* End PBXFrameworksBuildPhase section */

/* Begin PBXGroup section */
		766F477F274A649400992499 /* Models */ = {
			isa = PBXGroup;
			children = (
				766F4786274A689B00992499 /* OnboardingSlide.swift */,
				766F478D274A782A00992499 /* FirstLaunch.swift */,
			);
			path = Models;
			sourceTree = "<group>";
		};
		766F4780274A649C00992499 /* Views */ = {
			isa = PBXGroup;
			children = (
				766F4794274A7E6C00992499 /* SideMenu */,
				76C6F63827462BFE00802232 /* ViewController.swift */,
				766F4782274A64BD00992499 /* Onboarding */,
				766F479C274A955400992499 /* FVTestVC.swift */,
				766F47A0274A98CD00992499 /* ProfileVC.swift */,
				766F47A4274A9BCF00992499 /* SettingVC.swift */,
				766F47A8274A9C4E00992499 /* ProverbVC.swift */,
			);
			path = Views;
			sourceTree = "<group>";
		};
		766F4782274A64BD00992499 /* Onboarding */ = {
			isa = PBXGroup;
			children = (
				766F4783274A64DC00992499 /* OnboardingVC.swift */,
				766F4788274A6A9A00992499 /* OnboardingCollectionViewCell.swift */,
			);
			path = Onboarding;
			sourceTree = "<group>";
		};
		766F478A274A74A600992499 /* Storyboards */ = {
			isa = PBXGroup;
			children = (
				76C6F63F27462C0000802232 /* LaunchScreen.storyboard */,
				766F478B274A74B600992499 /* Main.storyboard */,
				766F4792274A7E5300992499 /* SideMenu.storyboard */,
				76C6F63A27462BFE00802232 /* Onboarding.storyboard */,
				766F479A274A951800992499 /* FVTest.storyboard */,
				766F479E274A98B700992499 /* Profile.storyboard */,
				766F47A2274A9BBF00992499 /* Setting.storyboard */,
				766F47A6274A9C3F00992499 /* Proverb.storyboard */,
			);
			path = Storyboards;
			sourceTree = "<group>";
		};
		766F4794274A7E6C00992499 /* SideMenu */ = {
			isa = PBXGroup;
			children = (
				766F4795274A7E8900992499 /* SideMenuNC.swift */,
				766F4797274A7EB000992499 /* SideMenuVC.swift */,
			);
			path = SideMenu;
			sourceTree = "<group>";
		};
		766F4799274A8D4700992499 /* Support */ = {
			isa = PBXGroup;
			children = (
				76C6F63427462BFE00802232 /* AppDelegate.swift */,
				76C6F63627462BFE00802232 /* SceneDelegate.swift */,
				76C6F63D27462C0000802232 /* Assets.xcassets */,
			);
			path = Support;
			sourceTree = "<group>";
		};
		76C6F62827462BFE00802232 = {
			isa = PBXGroup;
			children = (
				76C6F63327462BFE00802232 /* farewell-vaccine */,
				76C6F63227462BFE00802232 /* Products */,
			);
			sourceTree = "<group>";
		};
		76C6F63227462BFE00802232 /* Products */ = {
			isa = PBXGroup;
			children = (
				76C6F63127462BFE00802232 /* farewell-vaccine.app */,
			);
			name = Products;
			sourceTree = "<group>";
		};
		76C6F63327462BFE00802232 /* farewell-vaccine */ = {
			isa = PBXGroup;
			children = (
				766F4799274A8D4700992499 /* Support */,
				766F478A274A74A600992499 /* Storyboards */,
				766F4780274A649C00992499 /* Views */,
				766F477F274A649400992499 /* Models */,
				76C6F64227462C0000802232 /* Info.plist */,
			);
			path = "farewell-vaccine";
			sourceTree = "<group>";
		};
/* End PBXGroup section */

/* Begin PBXNativeTarget section */
		76C6F63027462BFE00802232 /* farewell-vaccine */ = {
			isa = PBXNativeTarget;
			buildConfigurationList = 76C6F64527462C0000802232 /* Build configuration list for PBXNativeTarget "farewell-vaccine" */;
			buildPhases = (
				76C6F62D27462BFE00802232 /* Sources */,
				76C6F62E27462BFE00802232 /* Frameworks */,
				76C6F62F27462BFE00802232 /* Resources */,
			);
			buildRules = (
			);
			dependencies = (
			);
			name = "farewell-vaccine";
			packageProductDependencies = (
				766F4790274A7DA800992499 /* SideMenu */,
			);
			productName = "farewell-vaccine";
			productReference = 76C6F63127462BFE00802232 /* farewell-vaccine.app */;
			productType = "com.apple.product-type.application";
		};
/* End PBXNativeTarget section */

/* Begin PBXProject section */
		76C6F62927462BFE00802232 /* Project object */ = {
			isa = PBXProject;
			attributes = {
				BuildIndependentTargetsInParallel = 1;
				LastSwiftUpdateCheck = 1300;
				LastUpgradeCheck = 1300;
				TargetAttributes = {
					76C6F63027462BFE00802232 = {
						CreatedOnToolsVersion = 13.0;
					};
				};
			};
			buildConfigurationList = 76C6F62C27462BFE00802232 /* Build configuration list for PBXProject "farewell-vaccine" */;
			compatibilityVersion = "Xcode 13.0";
			developmentRegion = en;
			hasScannedForEncodings = 0;
			knownRegions = (
				en,
				Base,
			);
			mainGroup = 76C6F62827462BFE00802232;
			packageReferences = (
				766F478F274A7DA800992499 /* XCRemoteSwiftPackageReference "SideMenu" */,
			);
			productRefGroup = 76C6F63227462BFE00802232 /* Products */;
			projectDirPath = "";
			projectRoot = "";
			targets = (
				76C6F63027462BFE00802232 /* farewell-vaccine */,
			);
		};
/* End PBXProject section */

/* Begin PBXResourcesBuildPhase section */
		76C6F62F27462BFE00802232 /* Resources */ = {
			isa = PBXResourcesBuildPhase;
			buildActionMask = 2147483647;
			files = (
				76C6F64127462C0000802232 /* LaunchScreen.storyboard in Resources */,
				766F4793274A7E5300992499 /* SideMenu.storyboard in Resources */,
				766F478C274A74B600992499 /* Main.storyboard in Resources */,
				76C6F63E27462C0000802232 /* Assets.xcassets in Resources */,
				766F479B274A951800992499 /* FVTest.storyboard in Resources */,
				766F479F274A98B700992499 /* Profile.storyboard in Resources */,
				766F47A7274A9C3F00992499 /* Proverb.storyboard in Resources */,
				76C6F63C27462BFE00802232 /* Onboarding.storyboard in Resources */,
				766F47A3274A9BBF00992499 /* Setting.storyboard in Resources */,
			);
			runOnlyForDeploymentPostprocessing = 0;
		};
/* End PBXResourcesBuildPhase section */

/* Begin PBXSourcesBuildPhase section */
		76C6F62D27462BFE00802232 /* Sources */ = {
			isa = PBXSourcesBuildPhase;
			buildActionMask = 2147483647;
			files = (
				766F479D274A955400992499 /* FVTestVC.swift in Sources */,
				766F47A5274A9BCF00992499 /* SettingVC.swift in Sources */,
				766F4787274A689B00992499 /* OnboardingSlide.swift in Sources */,
				766F478E274A782A00992499 /* FirstLaunch.swift in Sources */,
				76C6F63927462BFE00802232 /* ViewController.swift in Sources */,
				766F4784274A64DC00992499 /* OnboardingVC.swift in Sources */,
				76C6F63527462BFE00802232 /* AppDelegate.swift in Sources */,
				766F4798274A7EB000992499 /* SideMenuVC.swift in Sources */,
				766F47A9274A9C4E00992499 /* ProverbVC.swift in Sources */,
				76C6F63727462BFE00802232 /* SceneDelegate.swift in Sources */,
				766F4796274A7E8900992499 /* SideMenuNC.swift in Sources */,
				766F47A1274A98CD00992499 /* ProfileVC.swift in Sources */,
				766F4789274A6A9A00992499 /* OnboardingCollectionViewCell.swift in Sources */,
			);
			runOnlyForDeploymentPostprocessing = 0;
		};
/* End PBXSourcesBuildPhase section */

/* Begin PBXVariantGroup section */
		76C6F63A27462BFE00802232 /* Onboarding.storyboard */ = {
			isa = PBXVariantGroup;
			children = (
				76C6F63B27462BFE00802232 /* Base */,
			);
			name = Onboarding.storyboard;
			sourceTree = "<group>";
		};
		76C6F63F27462C0000802232 /* LaunchScreen.storyboard */ = {
			isa = PBXVariantGroup;
			children = (
				76C6F64027462C0000802232 /* Base */,
			);
			name = LaunchScreen.storyboard;
			sourceTree = "<group>";
		};
/* End PBXVariantGroup section */

/* Begin XCBuildConfiguration section */
		76C6F64327462C0000802232 /* Debug */ = {
			isa = XCBuildConfiguration;
			buildSettings = {
				ALWAYS_SEARCH_USER_PATHS = NO;
				CLANG_ANALYZER_NONNULL = YES;
				CLANG_ANALYZER_NUMBER_OBJECT_CONVERSION = YES_AGGRESSIVE;
				CLANG_CXX_LANGUAGE_STANDARD = "gnu++17";
				CLANG_CXX_LIBRARY = "libc++";
				CLANG_ENABLE_MODULES = YES;
				CLANG_ENABLE_OBJC_ARC = YES;
				CLANG_ENABLE_OBJC_WEAK = YES;
				CLANG_WARN_BLOCK_CAPTURE_AUTORELEASING = YES;
				CLANG_WARN_BOOL_CONVERSION = YES;
				CLANG_WARN_COMMA = YES;
				CLANG_WARN_CONSTANT_CONVERSION = YES;
				CLANG_WARN_DEPRECATED_OBJC_IMPLEMENTATIONS = YES;
				CLANG_WARN_DIRECT_OBJC_ISA_USAGE = YES_ERROR;
				CLANG_WARN_DOCUMENTATION_COMMENTS = YES;
				CLANG_WARN_EMPTY_BODY = YES;
				CLANG_WARN_ENUM_CONVERSION = YES;
				CLANG_WARN_INFINITE_RECURSION = YES;
				CLANG_WARN_INT_CONVERSION = YES;
				CLANG_WARN_NON_LITERAL_NULL_CONVERSION = YES;
				CLANG_WARN_OBJC_IMPLICIT_RETAIN_SELF = YES;
				CLANG_WARN_OBJC_LITERAL_CONVERSION = YES;
				CLANG_WARN_OBJC_ROOT_CLASS = YES_ERROR;
				CLANG_WARN_QUOTED_INCLUDE_IN_FRAMEWORK_HEADER = YES;
				CLANG_WARN_RANGE_LOOP_ANALYSIS = YES;
				CLANG_WARN_STRICT_PROTOTYPES = YES;
				CLANG_WARN_SUSPICIOUS_MOVE = YES;
				CLANG_WARN_UNGUARDED_AVAILABILITY = YES_AGGRESSIVE;
				CLANG_WARN_UNREACHABLE_CODE = YES;
				CLANG_WARN__DUPLICATE_METHOD_MATCH = YES;
				COPY_PHASE_STRIP = NO;
				DEBUG_INFORMATION_FORMAT = dwarf;
				ENABLE_STRICT_OBJC_MSGSEND = YES;
				ENABLE_TESTABILITY = YES;
				GCC_C_LANGUAGE_STANDARD = gnu11;
				GCC_DYNAMIC_NO_PIC = NO;
				GCC_NO_COMMON_BLOCKS = YES;
				GCC_OPTIMIZATION_LEVEL = 0;
				GCC_PREPROCESSOR_DEFINITIONS = (
					"DEBUG=1",
					"$(inherited)",
				);
				GCC_WARN_64_TO_32_BIT_CONVERSION = YES;
				GCC_WARN_ABOUT_RETURN_TYPE = YES_ERROR;
				GCC_WARN_UNDECLARED_SELECTOR = YES;
				GCC_WARN_UNINITIALIZED_AUTOS = YES_AGGRESSIVE;
				GCC_WARN_UNUSED_FUNCTION = YES;
				GCC_WARN_UNUSED_VARIABLE = YES;
				IPHONEOS_DEPLOYMENT_TARGET = 13.0;
				MTL_ENABLE_DEBUG_INFO = INCLUDE_SOURCE;
				MTL_FAST_MATH = YES;
				ONLY_ACTIVE_ARCH = YES;
				SDKROOT = iphoneos;
				SWIFT_ACTIVE_COMPILATION_CONDITIONS = DEBUG;
				SWIFT_OPTIMIZATION_LEVEL = "-Onone";
			};
			name = Debug;
		};
		76C6F64427462C0000802232 /* Release */ = {
			isa = XCBuildConfiguration;
			buildSettings = {
				ALWAYS_SEARCH_USER_PATHS = NO;
				CLANG_ANALYZER_NONNULL = YES;
				CLANG_ANALYZER_NUMBER_OBJECT_CONVERSION = YES_AGGRESSIVE;
				CLANG_CXX_LANGUAGE_STANDARD = "gnu++17";
				CLANG_CXX_LIBRARY = "libc++";
				CLANG_ENABLE_MODULES = YES;
				CLANG_ENABLE_OBJC_ARC = YES;
				CLANG_ENABLE_OBJC_WEAK = YES;
				CLANG_WARN_BLOCK_CAPTURE_AUTORELEASING = YES;
				CLANG_WARN_BOOL_CONVERSION = YES;
				CLANG_WARN_COMMA = YES;
				CLANG_WARN_CONSTANT_CONVERSION = YES;
				CLANG_WARN_DEPRECATED_OBJC_IMPLEMENTATIONS = YES;
				CLANG_WARN_DIRECT_OBJC_ISA_USAGE = YES_ERROR;
				CLANG_WARN_DOCUMENTATION_COMMENTS = YES;
				CLANG_WARN_EMPTY_BODY = YES;
				CLANG_WARN_ENUM_CONVERSION = YES;
				CLANG_WARN_INFINITE_RECURSION = YES;
				CLANG_WARN_INT_CONVERSION = YES;
				CLANG_WARN_NON_LITERAL_NULL_CONVERSION = YES;
				CLANG_WARN_OBJC_IMPLICIT_RETAIN_SELF = YES;
				CLANG_WARN_OBJC_LITERAL_CONVERSION = YES;
				CLANG_WARN_OBJC_ROOT_CLASS = YES_ERROR;
				CLANG_WARN_QUOTED_INCLUDE_IN_FRAMEWORK_HEADER = YES;
				CLANG_WARN_RANGE_LOOP_ANALYSIS = YES;
				CLANG_WARN_STRICT_PROTOTYPES = YES;
				CLANG_WARN_SUSPICIOUS_MOVE = YES;
				CLANG_WARN_UNGUARDED_AVAILABILITY = YES_AGGRESSIVE;
				CLANG_WARN_UNREACHABLE_CODE = YES;
				CLANG_WARN__DUPLICATE_METHOD_MATCH = YES;
				COPY_PHASE_STRIP = NO;
				DEBUG_INFORMATION_FORMAT = "dwarf-with-dsym";
				ENABLE_NS_ASSERTIONS = NO;
				ENABLE_STRICT_OBJC_MSGSEND = YES;
				GCC_C_LANGUAGE_STANDARD = gnu11;
				GCC_NO_COMMON_BLOCKS = YES;
				GCC_WARN_64_TO_32_BIT_CONVERSION = YES;
				GCC_WARN_ABOUT_RETURN_TYPE = YES_ERROR;
				GCC_WARN_UNDECLARED_SELECTOR = YES;
				GCC_WARN_UNINITIALIZED_AUTOS = YES_AGGRESSIVE;
				GCC_WARN_UNUSED_FUNCTION = YES;
				GCC_WARN_UNUSED_VARIABLE = YES;
				IPHONEOS_DEPLOYMENT_TARGET = 13.0;
				MTL_ENABLE_DEBUG_INFO = NO;
				MTL_FAST_MATH = YES;
				SDKROOT = iphoneos;
				SWIFT_COMPILATION_MODE = wholemodule;
				SWIFT_OPTIMIZATION_LEVEL = "-O";
				VALIDATE_PRODUCT = YES;
			};
			name = Release;
		};
		76C6F64627462C0000802232 /* Debug */ = {
			isa = XCBuildConfiguration;
			buildSettings = {
				ASSETCATALOG_COMPILER_APPICON_NAME = AppIcon;
				ASSETCATALOG_COMPILER_GLOBAL_ACCENT_COLOR_NAME = AccentColor;
				CODE_SIGN_STYLE = Automatic;
				CURRENT_PROJECT_VERSION = 1;
				DEVELOPMENT_TEAM = 2MRY8P7863;
				GENERATE_INFOPLIST_FILE = YES;
				INFOPLIST_FILE = "farewell-vaccine/Info.plist";
				INFOPLIST_KEY_UIApplicationSupportsIndirectInputEvents = YES;
				INFOPLIST_KEY_UILaunchStoryboardName = LaunchScreen;
				INFOPLIST_KEY_UIMainStoryboardFile = Main;
				INFOPLIST_KEY_UISupportedInterfaceOrientations_iPad = "UIInterfaceOrientationPortrait UIInterfaceOrientationPortraitUpsideDown UIInterfaceOrientationLandscapeLeft UIInterfaceOrientationLandscapeRight";
				INFOPLIST_KEY_UISupportedInterfaceOrientations_iPhone = "UIInterfaceOrientationPortrait UIInterfaceOrientationLandscapeLeft UIInterfaceOrientationLandscapeRight";
				IPHONEOS_DEPLOYMENT_TARGET = 13.0;
				LD_RUNPATH_SEARCH_PATHS = (
					"$(inherited)",
					"@executable_path/Frameworks",
				);
				MARKETING_VERSION = 1.0;
				PRODUCT_BUNDLE_IDENTIFIER = "com.sookim.farewell-vaccine";
				PRODUCT_NAME = "$(TARGET_NAME)";
				SWIFT_EMIT_LOC_STRINGS = YES;
				SWIFT_VERSION = 5.0;
				TARGETED_DEVICE_FAMILY = 1;
			};
			name = Debug;
		};
		76C6F64727462C0000802232 /* Release */ = {
			isa = XCBuildConfiguration;
			buildSettings = {
				ASSETCATALOG_COMPILER_APPICON_NAME = AppIcon;
				ASSETCATALOG_COMPILER_GLOBAL_ACCENT_COLOR_NAME = AccentColor;
				CODE_SIGN_STYLE = Automatic;
				CURRENT_PROJECT_VERSION = 1;
				DEVELOPMENT_TEAM = 2MRY8P7863;
				GENERATE_INFOPLIST_FILE = YES;
				INFOPLIST_FILE = "farewell-vaccine/Info.plist";
				INFOPLIST_KEY_UIApplicationSupportsIndirectInputEvents = YES;
				INFOPLIST_KEY_UILaunchStoryboardName = LaunchScreen;
				INFOPLIST_KEY_UIMainStoryboardFile = Main;
				INFOPLIST_KEY_UISupportedInterfaceOrientations_iPad = "UIInterfaceOrientationPortrait UIInterfaceOrientationPortraitUpsideDown UIInterfaceOrientationLandscapeLeft UIInterfaceOrientationLandscapeRight";
				INFOPLIST_KEY_UISupportedInterfaceOrientations_iPhone = "UIInterfaceOrientationPortrait UIInterfaceOrientationLandscapeLeft UIInterfaceOrientationLandscapeRight";
				IPHONEOS_DEPLOYMENT_TARGET = 13.0;
				LD_RUNPATH_SEARCH_PATHS = (
					"$(inherited)",
					"@executable_path/Frameworks",
				);
				MARKETING_VERSION = 1.0;
				PRODUCT_BUNDLE_IDENTIFIER = "com.sookim.farewell-vaccine";
				PRODUCT_NAME = "$(TARGET_NAME)";
				SWIFT_EMIT_LOC_STRINGS = YES;
				SWIFT_VERSION = 5.0;
				TARGETED_DEVICE_FAMILY = 1;
			};
			name = Release;
		};
/* End XCBuildConfiguration section */

/* Begin XCConfigurationList section */
		76C6F62C27462BFE00802232 /* Build configuration list for PBXProject "farewell-vaccine" */ = {
			isa = XCConfigurationList;
			buildConfigurations = (
				76C6F64327462C0000802232 /* Debug */,
				76C6F64427462C0000802232 /* Release */,
			);
			defaultConfigurationIsVisible = 0;
			defaultConfigurationName = Release;
		};
		76C6F64527462C0000802232 /* Build configuration list for PBXNativeTarget "farewell-vaccine" */ = {
			isa = XCConfigurationList;
			buildConfigurations = (
				76C6F64627462C0000802232 /* Debug */,
				76C6F64727462C0000802232 /* Release */,
			);
			defaultConfigurationIsVisible = 0;
			defaultConfigurationName = Release;
		};
/* End XCConfigurationList section */

/* Begin XCRemoteSwiftPackageReference section */
		766F478F274A7DA800992499 /* XCRemoteSwiftPackageReference "SideMenu" */ = {
			isa = XCRemoteSwiftPackageReference;
			repositoryURL = "https://github.com/jonkykong/SideMenu.git";
			requirement = {
				kind = upToNextMajorVersion;
				minimumVersion = 6.0.0;
			};
		};
/* End XCRemoteSwiftPackageReference section */

/* Begin XCSwiftPackageProductDependency section */
		766F4790274A7DA800992499 /* SideMenu */ = {
			isa = XCSwiftPackageProductDependency;
			package = 766F478F274A7DA800992499 /* XCRemoteSwiftPackageReference "SideMenu" */;
			productName = SideMenu;
		};
/* End XCSwiftPackageProductDependency section */
	};
	rootObject = 76C6F62927462BFE00802232 /* Project object */;
}
