{
  "object": {
    "pins": [
      {
        "package": "JJFloatingActionButton",
        "repositoryURL": "https://github.com/jjochen/JJFloatingActionButton.git",
        "state": {
          "branch": "master",
          "revision": "60fcde6d01aa33598753214b9438c192f2074900",
          "version": null
        }
      },
      {
        "package": "SnapKit",
        "repositoryURL": "https://github.com/SnapKit/SnapKit",
        "state": {
          "branch": null,
          "revision": "d458564516e5676af9c70b4f4b2a9178294f1bc6",
          "version": "5.0.1"
        }
      }
    ]
  },
  "version": 1
}
