// !$*UTF8*$!
{
	archiveVersion = 1;
	classes = {
	};
	objectVersion = 55;
	objects = {

/* Begin PBXBuildFile section */
		76AAFD4A27679EDD00CE26D9 /* AppDelegate.swift in Sources */ = {isa = PBXBuildFile; fileRef = 76AAFD4927679EDD00CE26D9 /* AppDelegate.swift */; };
		76AAFD4C27679EDD00CE26D9 /* SceneDelegate.swift in Sources */ = {isa = PBXBuildFile; fileRef = 76AAFD4B27679EDD00CE26D9 /* SceneDelegate.swift */; };
		76AAFD4E27679EDD00CE26D9 /* ViewController.swift in Sources */ = {isa = PBXBuildFile; fileRef = 76AAFD4D27679EDD00CE26D9 /* ViewController.swift */; };
		76AAFD5127679EDD00CE26D9 /* Main.storyboard in Resources */ = {isa = PBXBuildFile; fileRef = 76AAFD4F27679EDD00CE26D9 /* Main.storyboard */; };
		76AAFD5327679EE000CE26D9 /* Assets.xcassets in Resources */ = {isa = PBXBuildFile; fileRef = 76AAFD5227679EE000CE26D9 /* Assets.xcassets */; };
		76AAFD5627679EE000CE26D9 /* LaunchScreen.storyboard in Resources */ = {isa = PBXBuildFile; fileRef = 76AAFD5427679EE000CE26D9 /* LaunchScreen.storyboard */; };
		76AAFD5E27679FF100CE26D9 /* SquareBoxView.xib in Resources */ = {isa = PBXBuildFile; fileRef = 76AAFD5D27679FF100CE26D9 /* SquareBoxView.xib */; };
		76AAFD602767A01200CE26D9 /* SquareBoxView.swift in Sources */ = {isa = PBXBuildFile; fileRef = 76AAFD5F2767A01200CE26D9 /* SquareBoxView.swift */; };
		76AAFD622767BD2200CE26D9 /* BannerView.swift in Sources */ = {isa = PBXBuildFile; fileRef = 76AAFD612767BD2200CE26D9 /* BannerView.swift */; };
		76AAFD642767BF2000CE26D9 /* DetailViewController.swift in Sources */ = {isa = PBXBuildFile; fileRef = 76AAFD632767BF2000CE26D9 /* DetailViewController.swift */; };
/* End PBXBuildFile section */

/* Begin PBXFileReference section */
		76AAFD4627679EDD00CE26D9 /* xibPractice.app */ = {isa = PBXFileReference; explicitFileType = wrapper.application; includeInIndex = 0; path = xibPractice.app; sourceTree = BUILT_PRODUCTS_DIR; };
		76AAFD4927679EDD00CE26D9 /* AppDelegate.swift */ = {isa = PBXFileReference; lastKnownFileType = sourcecode.swift; path = AppDelegate.swift; sourceTree = "<group>"; };
		76AAFD4B27679EDD00CE26D9 /* SceneDelegate.swift */ = {isa = PBXFileReference; lastKnownFileType = sourcecode.swift; path = SceneDelegate.swift; sourceTree = "<group>"; };
		76AAFD4D27679EDD00CE26D9 /* ViewController.swift */ = {isa = PBXFileReference; lastKnownFileType = sourcecode.swift; path = ViewController.swift; sourceTree = "<group>"; };
		76AAFD5027679EDD00CE26D9 /* Base */ = {isa = PBXFileReference; lastKnownFileType = file.storyboard; name = Base; path = Base.lproj/Main.storyboard; sourceTree = "<group>"; };
		76AAFD5227679EE000CE26D9 /* Assets.xcassets */ = {isa = PBXFileReference; lastKnownFileType = folder.assetcatalog; path = Assets.xcassets; sourceTree = "<group>"; };
		76AAFD5527679EE000CE26D9 /* Base */ = {isa = PBXFileReference; lastKnownFileType = file.storyboard; name = Base; path = Base.lproj/LaunchScreen.storyboard; sourceTree = "<group>"; };
		76AAFD5727679EE000CE26D9 /* Info.plist */ = {isa = PBXFileReference; lastKnownFileType = text.plist.xml; path = Info.plist; sourceTree = "<group>"; };
		76AAFD5D27679FF100CE26D9 /* SquareBoxView.xib */ = {isa = PBXFileReference; lastKnownFileType = file.xib; path = SquareBoxView.xib; sourceTree = "<group>"; };
		76AAFD5F2767A01200CE26D9 /* SquareBoxView.swift */ = {isa = PBXFileReference; lastKnownFileType = sourcecode.swift; path = SquareBoxView.swift; sourceTree = "<group>"; };
		76AAFD612767BD2200CE26D9 /* BannerView.swift */ = {isa = PBXFileReference; lastKnownFileType = sourcecode.swift; path = BannerView.swift; sourceTree = "<group>"; };
		76AAFD632767BF2000CE26D9 /* DetailViewController.swift */ = {isa = PBXFileReference; lastKnownFileType = sourcecode.swift; path = DetailViewController.swift; sourceTree = "<group>"; };
/* End PBXFileReference section */

/* Begin PBXFrameworksBuildPhase section */
		76AAFD4327679EDD00CE26D9 /* Frameworks */ = {
			isa = PBXFrameworksBuildPhase;
			buildActionMask = 2147483647;
			files = (
			);
			runOnlyForDeploymentPostprocessing = 0;
		};
/* End PBXFrameworksBuildPhase section */

/* Begin PBXGroup section */
		76AAFD3D27679EDD00CE26D9 = {
			isa = PBXGroup;
			children = (
				76AAFD4827679EDD00CE26D9 /* xibPractice */,
				76AAFD4727679EDD00CE26D9 /* Products */,
			);
			sourceTree = "<group>";
		};
		76AAFD4727679EDD00CE26D9 /* Products */ = {
			isa = PBXGroup;
			children = (
				76AAFD4627679EDD00CE26D9 /* xibPractice.app */,
			);
			name = Products;
			sourceTree = "<group>";
		};
		76AAFD4827679EDD00CE26D9 /* xibPractice */ = {
			isa = PBXGroup;
			children = (
				76AAFD4927679EDD00CE26D9 /* AppDelegate.swift */,
				76AAFD4B27679EDD00CE26D9 /* SceneDelegate.swift */,
				76AAFD4D27679EDD00CE26D9 /* ViewController.swift */,
				76AAFD612767BD2200CE26D9 /* BannerView.swift */,
				76AAFD4F27679EDD00CE26D9 /* Main.storyboard */,
				76AAFD5227679EE000CE26D9 /* Assets.xcassets */,
				76AAFD5427679EE000CE26D9 /* LaunchScreen.storyboard */,
				76AAFD5727679EE000CE26D9 /* Info.plist */,
				76AAFD5D27679FF100CE26D9 /* SquareBoxView.xib */,
				76AAFD5F2767A01200CE26D9 /* SquareBoxView.swift */,
				76AAFD632767BF2000CE26D9 /* DetailViewController.swift */,
			);
			path = xibPractice;
			sourceTree = "<group>";
		};
/* End PBXGroup section */

/* Begin PBXNativeTarget section */
		76AAFD4527679EDD00CE26D9 /* xibPractice */ = {
			isa = PBXNativeTarget;
			buildConfigurationList = 76AAFD5A27679EE000CE26D9 /* Build configuration list for PBXNativeTarget "xibPractice" */;
			buildPhases = (
				76AAFD4227679EDD00CE26D9 /* Sources */,
				76AAFD4327679EDD00CE26D9 /* Frameworks */,
				76AAFD4427679EDD00CE26D9 /* Resources */,
			);
			buildRules = (
			);
			dependencies = (
			);
			name = xibPractice;
			productName = xibPractice;
			productReference = 76AAFD4627679EDD00CE26D9 /* xibPractice.app */;
			productType = "com.apple.product-type.application";
		};
/* End PBXNativeTarget section */

/* Begin PBXProject section */
		76AAFD3E27679EDD00CE26D9 /* Project object */ = {
			isa = PBXProject;
			attributes = {
				BuildIndependentTargetsInParallel = 1;
				LastSwiftUpdateCheck = 1310;
				LastUpgradeCheck = 1310;
				TargetAttributes = {
					76AAFD4527679EDD00CE26D9 = {
						CreatedOnToolsVersion = 13.1;
					};
				};
			};
			buildConfigurationList = 76AAFD4127679EDD00CE26D9 /* Build configuration list for PBXProject "xibPractice" */;
			compatibilityVersion = "Xcode 13.0";
			developmentRegion = en;
			hasScannedForEncodings = 0;
			knownRegions = (
				en,
				Base,
			);
			mainGroup = 76AAFD3D27679EDD00CE26D9;
			productRefGroup = 76AAFD4727679EDD00CE26D9 /* Products */;
			projectDirPath = "";
			projectRoot = "";
			targets = (
				76AAFD4527679EDD00CE26D9 /* xibPractice */,
			);
		};
/* End PBXProject section */

/* Begin PBXResourcesBuildPhase section */
		76AAFD4427679EDD00CE26D9 /* Resources */ = {
			isa = PBXResourcesBuildPhase;
			buildActionMask = 2147483647;
			files = (
				76AAFD5627679EE000CE26D9 /* LaunchScreen.storyboard in Resources */,
				76AAFD5327679EE000CE26D9 /* Assets.xcassets in Resources */,
				76AAFD5127679EDD00CE26D9 /* Main.storyboard in Resources */,
				76AAFD5E27679FF100CE26D9 /* SquareBoxView.xib in Resources */,
			);
			runOnlyForDeploymentPostprocessing = 0;
		};
/* End PBXResourcesBuildPhase section */

/* Begin PBXSourcesBuildPhase section */
		76AAFD4227679EDD00CE26D9 /* Sources */ = {
			isa = PBXSourcesBuildPhase;
			buildActionMask = 2147483647;
			files = (
				76AAFD622767BD2200CE26D9 /* BannerView.swift in Sources */,
				76AAFD4E27679EDD00CE26D9 /* ViewController.swift in Sources */,
				76AAFD4A27679EDD00CE26D9 /* AppDelegate.swift in Sources */,
				76AAFD642767BF2000CE26D9 /* DetailViewController.swift in Sources */,
				76AAFD4C27679EDD00CE26D9 /* SceneDelegate.swift in Sources */,
				76AAFD602767A01200CE26D9 /* SquareBoxView.swift in Sources */,
			);
			runOnlyForDeploymentPostprocessing = 0;
		};
/* End PBXSourcesBuildPhase section */

/* Begin PBXVariantGroup section */
		76AAFD4F27679EDD00CE26D9 /* Main.storyboard */ = {
			isa = PBXVariantGroup;
			children = (
				76AAFD5027679EDD00CE26D9 /* Base */,
			);
			name = Main.storyboard;
			sourceTree = "<group>";
		};
		76AAFD5427679EE000CE26D9 /* LaunchScreen.storyboard */ = {
			isa = PBXVariantGroup;
			children = (
				76AAFD5527679EE000CE26D9 /* Base */,
			);
			name = LaunchScreen.storyboard;
			sourceTree = "<group>";
		};
/* End PBXVariantGroup section */

/* Begin XCBuildConfiguration section */
		76AAFD5827679EE000CE26D9 /* Debug */ = {
			isa = XCBuildConfiguration;
			buildSettings = {
				ALWAYS_SEARCH_USER_PATHS = NO;
				CLANG_ANALYZER_NONNULL = YES;
				CLANG_ANALYZER_NUMBER_OBJECT_CONVERSION = YES_AGGRESSIVE;
				CLANG_CXX_LANGUAGE_STANDARD = "gnu++17";
				CLANG_CXX_LIBRARY = "libc++";
				CLANG_ENABLE_MODULES = YES;
				CLANG_ENABLE_OBJC_ARC = YES;
				CLANG_ENABLE_OBJC_WEAK = YES;
				CLANG_WARN_BLOCK_CAPTURE_AUTORELEASING = YES;
				CLANG_WARN_BOOL_CONVERSION = YES;
				CLANG_WARN_COMMA = YES;
				CLANG_WARN_CONSTANT_CONVERSION = YES;
				CLANG_WARN_DEPRECATED_OBJC_IMPLEMENTATIONS = YES;
				CLANG_WARN_DIRECT_OBJC_ISA_USAGE = YES_ERROR;
				CLANG_WARN_DOCUMENTATION_COMMENTS = YES;
				CLANG_WARN_EMPTY_BODY = YES;
				CLANG_WARN_ENUM_CONVERSION = YES;
				CLANG_WARN_INFINITE_RECURSION = YES;
				CLANG_WARN_INT_CONVERSION = YES;
				CLANG_WARN_NON_LITERAL_NULL_CONVERSION = YES;
				CLANG_WARN_OBJC_IMPLICIT_RETAIN_SELF = YES;
				CLANG_WARN_OBJC_LITERAL_CONVERSION = YES;
				CLANG_WARN_OBJC_ROOT_CLASS = YES_ERROR;
				CLANG_WARN_QUOTED_INCLUDE_IN_FRAMEWORK_HEADER = YES;
				CLANG_WARN_RANGE_LOOP_ANALYSIS = YES;
				CLANG_WARN_STRICT_PROTOTYPES = YES;
				CLANG_WARN_SUSPICIOUS_MOVE = YES;
				CLANG_WARN_UNGUARDED_AVAILABILITY = YES_AGGRESSIVE;
				CLANG_WARN_UNREACHABLE_CODE = YES;
				CLANG_WARN__DUPLICATE_METHOD_MATCH = YES;
				COPY_PHASE_STRIP = NO;
				DEBUG_INFORMATION_FORMAT = dwarf;
				ENABLE_STRICT_OBJC_MSGSEND = YES;
				ENABLE_TESTABILITY = YES;
				GCC_C_LANGUAGE_STANDARD = gnu11;
				GCC_DYNAMIC_NO_PIC = NO;
				GCC_NO_COMMON_BLOCKS = YES;
				GCC_OPTIMIZATION_LEVEL = 0;
				GCC_PREPROCESSOR_DEFINITIONS = (
					"DEBUG=1",
					"$(inherited)",
				);
				GCC_WARN_64_TO_32_BIT_CONVERSION = YES;
				GCC_WARN_ABOUT_RETURN_TYPE = YES_ERROR;
				GCC_WARN_UNDECLARED_SELECTOR = YES;
				GCC_WARN_UNINITIALIZED_AUTOS = YES_AGGRESSIVE;
				GCC_WARN_UNUSED_FUNCTION = YES;
				GCC_WARN_UNUSED_VARIABLE = YES;
				IPHONEOS_DEPLOYMENT_TARGET = 15.0;
				MTL_ENABLE_DEBUG_INFO = INCLUDE_SOURCE;
				MTL_FAST_MATH = YES;
				ONLY_ACTIVE_ARCH = YES;
				SDKROOT = iphoneos;
				SWIFT_ACTIVE_COMPILATION_CONDITIONS = DEBUG;
				SWIFT_OPTIMIZATION_LEVEL = "-Onone";
			};
			name = Debug;
		};
		76AAFD5927679EE000CE26D9 /* Release */ = {
			isa = XCBuildConfiguration;
			buildSettings = {
				ALWAYS_SEARCH_USER_PATHS = NO;
				CLANG_ANALYZER_NONNULL = YES;
				CLANG_ANALYZER_NUMBER_OBJECT_CONVERSION = YES_AGGRESSIVE;
				CLANG_CXX_LANGUAGE_STANDARD = "gnu++17";
				CLANG_CXX_LIBRARY = "libc++";
				CLANG_ENABLE_MODULES = YES;
				CLANG_ENABLE_OBJC_ARC = YES;
				CLANG_ENABLE_OBJC_WEAK = YES;
				CLANG_WARN_BLOCK_CAPTURE_AUTORELEASING = YES;
				CLANG_WARN_BOOL_CONVERSION = YES;
				CLANG_WARN_COMMA = YES;
				CLANG_WARN_CONSTANT_CONVERSION = YES;
				CLANG_WARN_DEPRECATED_OBJC_IMPLEMENTATIONS = YES;
				CLANG_WARN_DIRECT_OBJC_ISA_USAGE = YES_ERROR;
				CLANG_WARN_DOCUMENTATION_COMMENTS = YES;
				CLANG_WARN_EMPTY_BODY = YES;
				CLANG_WARN_ENUM_CONVERSION = YES;
				CLANG_WARN_INFINITE_RECURSION = YES;
				CLANG_WARN_INT_CONVERSION = YES;
				CLANG_WARN_NON_LITERAL_NULL_CONVERSION = YES;
				CLANG_WARN_OBJC_IMPLICIT_RETAIN_SELF = YES;
				CLANG_WARN_OBJC_LITERAL_CONVERSION = YES;
				CLANG_WARN_OBJC_ROOT_CLASS = YES_ERROR;
				CLANG_WARN_QUOTED_INCLUDE_IN_FRAMEWORK_HEADER = YES;
				CLANG_WARN_RANGE_LOOP_ANALYSIS = YES;
				CLANG_WARN_STRICT_PROTOTYPES = YES;
				CLANG_WARN_SUSPICIOUS_MOVE = YES;
				CLANG_WARN_UNGUARDED_AVAILABILITY = YES_AGGRESSIVE;
				CLANG_WARN_UNREACHABLE_CODE = YES;
				CLANG_WARN__DUPLICATE_METHOD_MATCH = YES;
				COPY_PHASE_STRIP = NO;
				DEBUG_INFORMATION_FORMAT = "dwarf-with-dsym";
				ENABLE_NS_ASSERTIONS = NO;
				ENABLE_STRICT_OBJC_MSGSEND = YES;
				GCC_C_LANGUAGE_STANDARD = gnu11;
				GCC_NO_COMMON_BLOCKS = YES;
				GCC_WARN_64_TO_32_BIT_CONVERSION = YES;
				GCC_WARN_ABOUT_RETURN_TYPE = YES_ERROR;
				GCC_WARN_UNDECLARED_SELECTOR = YES;
				GCC_WARN_UNINITIALIZED_AUTOS = YES_AGGRESSIVE;
				GCC_WARN_UNUSED_FUNCTION = YES;
				GCC_WARN_UNUSED_VARIABLE = YES;
				IPHONEOS_DEPLOYMENT_TARGET = 15.0;
				MTL_ENABLE_DEBUG_INFO = NO;
				MTL_FAST_MATH = YES;
				SDKROOT = iphoneos;
				SWIFT_COMPILATION_MODE = wholemodule;
				SWIFT_OPTIMIZATION_LEVEL = "-O";
				VALIDATE_PRODUCT = YES;
			};
			name = Release;
		};
		76AAFD5B27679EE000CE26D9 /* Debug */ = {
			isa = XCBuildConfiguration;
			buildSettings = {
				ASSETCATALOG_COMPILER_APPICON_NAME = AppIcon;
				ASSETCATALOG_COMPILER_GLOBAL_ACCENT_COLOR_NAME = AccentColor;
				CODE_SIGN_STYLE = Automatic;
				CURRENT_PROJECT_VERSION = 1;
				DEVELOPMENT_TEAM = 2MRY8P7863;
				GENERATE_INFOPLIST_FILE = YES;
				INFOPLIST_FILE = xibPractice/Info.plist;
				INFOPLIST_KEY_UIApplicationSupportsIndirectInputEvents = YES;
				INFOPLIST_KEY_UILaunchStoryboardName = LaunchScreen;
				INFOPLIST_KEY_UIMainStoryboardFile = Main;
				INFOPLIST_KEY_UISupportedInterfaceOrientations_iPad = "UIInterfaceOrientationPortrait UIInterfaceOrientationPortraitUpsideDown UIInterfaceOrientationLandscapeLeft UIInterfaceOrientationLandscapeRight";
				INFOPLIST_KEY_UISupportedInterfaceOrientations_iPhone = "UIInterfaceOrientationPortrait UIInterfaceOrientationLandscapeLeft UIInterfaceOrientationLandscapeRight";
				LD_RUNPATH_SEARCH_PATHS = (
					"$(inherited)",
					"@executable_path/Frameworks",
				);
				MARKETING_VERSION = 1.0;
				PRODUCT_BUNDLE_IDENTIFIER = com.sookim.xibPractice;
				PRODUCT_NAME = "$(TARGET_NAME)";
				SWIFT_EMIT_LOC_STRINGS = YES;
				SWIFT_VERSION = 5.0;
				TARGETED_DEVICE_FAMILY = 1;
			};
			name = Debug;
		};
		76AAFD5C27679EE000CE26D9 /* Release */ = {
			isa = XCBuildConfiguration;
			buildSettings = {
				ASSETCATALOG_COMPILER_APPICON_NAME = AppIcon;
				ASSETCATALOG_COMPILER_GLOBAL_ACCENT_COLOR_NAME = AccentColor;
				CODE_SIGN_STYLE = Automatic;
				CURRENT_PROJECT_VERSION = 1;
				DEVELOPMENT_TEAM = 2MRY8P7863;
				GENERATE_INFOPLIST_FILE = YES;
				INFOPLIST_FILE = xibPractice/Info.plist;
				INFOPLIST_KEY_UIApplicationSupportsIndirectInputEvents = YES;
				INFOPLIST_KEY_UILaunchStoryboardName = LaunchScreen;
				INFOPLIST_KEY_UIMainStoryboardFile = Main;
				INFOPLIST_KEY_UISupportedInterfaceOrientations_iPad = "UIInterfaceOrientationPortrait UIInterfaceOrientationPortraitUpsideDown UIInterfaceOrientationLandscapeLeft UIInterfaceOrientationLandscapeRight";
				INFOPLIST_KEY_UISupportedInterfaceOrientations_iPhone = "UIInterfaceOrientationPortrait UIInterfaceOrientationLandscapeLeft UIInterfaceOrientationLandscapeRight";
				LD_RUNPATH_SEARCH_PATHS = (
					"$(inherited)",
					"@executable_path/Frameworks",
				);
				MARKETING_VERSION = 1.0;
				PRODUCT_BUNDLE_IDENTIFIER = com.sookim.xibPractice;
				PRODUCT_NAME = "$(TARGET_NAME)";
				SWIFT_EMIT_LOC_STRINGS = YES;
				SWIFT_VERSION = 5.0;
				TARGETED_DEVICE_FAMILY = 1;
			};
			name = Release;
		};
/* End XCBuildConfiguration section */

/* Begin XCConfigurationList section */
		76AAFD4127679EDD00CE26D9 /* Build configuration list for PBXProject "xibPractice" */ = {
			isa = XCConfigurationList;
			buildConfigurations = (
				76AAFD5827679EE000CE26D9 /* Debug */,
				76AAFD5927679EE000CE26D9 /* Release */,
			);
			defaultConfigurationIsVisible = 0;
			defaultConfigurationName = Release;
		};
		76AAFD5A27679EE000CE26D9 /* Build configuration list for PBXNativeTarget "xibPractice" */ = {
			isa = XCConfigurationList;
			buildConfigurations = (
				76AAFD5B27679EE000CE26D9 /* Debug */,
				76AAFD5C27679EE000CE26D9 /* Release */,
			);
			defaultConfigurationIsVisible = 0;
			defaultConfigurationName = Release;
		};
/* End XCConfigurationList section */
	};
	rootObject = 76AAFD3E27679EDD00CE26D9 /* Project object */;
}
