// !$*UTF8*$!
{
	archiveVersion = 1;
	classes = {
	};
	objectVersion = 55;
	objects = {

/* Begin PBXBuildFile section */
		765A4F68279510430034A328 /* AppDelegate.swift in Sources */ = {isa = PBXBuildFile; fileRef = 765A4F67279510430034A328 /* AppDelegate.swift */; };
		765A4F6A279510430034A328 /* SceneDelegate.swift in Sources */ = {isa = PBXBuildFile; fileRef = 765A4F69279510430034A328 /* SceneDelegate.swift */; };
		765A4F6C279510430034A328 /* ViewController.swift in Sources */ = {isa = PBXBuildFile; fileRef = 765A4F6B279510430034A328 /* ViewController.swift */; };
		765A4F71279510440034A328 /* Assets.xcassets in Resources */ = {isa = PBXBuildFile; fileRef = 765A4F70279510440034A328 /* Assets.xcassets */; };
		765A4F74279510440034A328 /* LaunchScreen.storyboard in Resources */ = {isa = PBXBuildFile; fileRef = 765A4F72279510440034A328 /* LaunchScreen.storyboard */; };
		765A4F7F279510440034A328 /* SeSAC_FriendsTests.swift in Sources */ = {isa = PBXBuildFile; fileRef = 765A4F7E279510440034A328 /* SeSAC_FriendsTests.swift */; };
		765A4F89279510440034A328 /* SeSAC_FriendsUITests.swift in Sources */ = {isa = PBXBuildFile; fileRef = 765A4F88279510440034A328 /* SeSAC_FriendsUITests.swift */; };
		765A4F8B279510440034A328 /* SeSAC_FriendsUITestsLaunchTests.swift in Sources */ = {isa = PBXBuildFile; fileRef = 765A4F8A279510440034A328 /* SeSAC_FriendsUITestsLaunchTests.swift */; };
/* End PBXBuildFile section */

/* Begin PBXContainerItemProxy section */
		765A4F7B279510440034A328 /* PBXContainerItemProxy */ = {
			isa = PBXContainerItemProxy;
			containerPortal = 765A4F5C279510430034A328 /* Project object */;
			proxyType = 1;
			remoteGlobalIDString = 765A4F63279510430034A328;
			remoteInfo = "SeSAC-Friends";
		};
		765A4F85279510440034A328 /* PBXContainerItemProxy */ = {
			isa = PBXContainerItemProxy;
			containerPortal = 765A4F5C279510430034A328 /* Project object */;
			proxyType = 1;
			remoteGlobalIDString = 765A4F63279510430034A328;
			remoteInfo = "SeSAC-Friends";
		};
/* End PBXContainerItemProxy section */

/* Begin PBXFileReference section */
		765A4F64279510430034A328 /* SeSAC-Friends.app */ = {isa = PBXFileReference; explicitFileType = wrapper.application; includeInIndex = 0; path = "SeSAC-Friends.app"; sourceTree = BUILT_PRODUCTS_DIR; };
		765A4F67279510430034A328 /* AppDelegate.swift */ = {isa = PBXFileReference; lastKnownFileType = sourcecode.swift; path = AppDelegate.swift; sourceTree = "<group>"; };
		765A4F69279510430034A328 /* SceneDelegate.swift */ = {isa = PBXFileReference; lastKnownFileType = sourcecode.swift; path = SceneDelegate.swift; sourceTree = "<group>"; };
		765A4F6B279510430034A328 /* ViewController.swift */ = {isa = PBXFileReference; lastKnownFileType = sourcecode.swift; path = ViewController.swift; sourceTree = "<group>"; };
		765A4F70279510440034A328 /* Assets.xcassets */ = {isa = PBXFileReference; lastKnownFileType = folder.assetcatalog; path = Assets.xcassets; sourceTree = "<group>"; };
		765A4F73279510440034A328 /* Base */ = {isa = PBXFileReference; lastKnownFileType = file.storyboard; name = Base; path = Base.lproj/LaunchScreen.storyboard; sourceTree = "<group>"; };
		765A4F75279510440034A328 /* Info.plist */ = {isa = PBXFileReference; lastKnownFileType = text.plist.xml; path = Info.plist; sourceTree = "<group>"; };
		765A4F7A279510440034A328 /* SeSAC-FriendsTests.xctest */ = {isa = PBXFileReference; explicitFileType = wrapper.cfbundle; includeInIndex = 0; path = "SeSAC-FriendsTests.xctest"; sourceTree = BUILT_PRODUCTS_DIR; };
		765A4F7E279510440034A328 /* SeSAC_FriendsTests.swift */ = {isa = PBXFileReference; lastKnownFileType = sourcecode.swift; path = SeSAC_FriendsTests.swift; sourceTree = "<group>"; };
		765A4F84279510440034A328 /* SeSAC-FriendsUITests.xctest */ = {isa = PBXFileReference; explicitFileType = wrapper.cfbundle; includeInIndex = 0; path = "SeSAC-FriendsUITests.xctest"; sourceTree = BUILT_PRODUCTS_DIR; };
		765A4F88279510440034A328 /* SeSAC_FriendsUITests.swift */ = {isa = PBXFileReference; lastKnownFileType = sourcecode.swift; path = SeSAC_FriendsUITests.swift; sourceTree = "<group>"; };
		765A4F8A279510440034A328 /* SeSAC_FriendsUITestsLaunchTests.swift */ = {isa = PBXFileReference; lastKnownFileType = sourcecode.swift; path = SeSAC_FriendsUITestsLaunchTests.swift; sourceTree = "<group>"; };
/* End PBXFileReference section */

/* Begin PBXFrameworksBuildPhase section */
		765A4F61279510430034A328 /* Frameworks */ = {
			isa = PBXFrameworksBuildPhase;
			buildActionMask = 2147483647;
			files = (
			);
			runOnlyForDeploymentPostprocessing = 0;
		};
		765A4F77279510440034A328 /* Frameworks */ = {
			isa = PBXFrameworksBuildPhase;
			buildActionMask = 2147483647;
			files = (
			);
			runOnlyForDeploymentPostprocessing = 0;
		};
		765A4F81279510440034A328 /* Frameworks */ = {
			isa = PBXFrameworksBuildPhase;
			buildActionMask = 2147483647;
			files = (
			);
			runOnlyForDeploymentPostprocessing = 0;
		};
/* End PBXFrameworksBuildPhase section */

/* Begin PBXGroup section */
		765A4F5B279510430034A328 = {
			isa = PBXGroup;
			children = (
				765A4F66279510430034A328 /* SeSAC-Friends */,
				765A4F7D279510440034A328 /* SeSAC-FriendsTests */,
				765A4F87279510440034A328 /* SeSAC-FriendsUITests */,
				765A4F65279510430034A328 /* Products */,
			);
			sourceTree = "<group>";
		};
		765A4F65279510430034A328 /* Products */ = {
			isa = PBXGroup;
			children = (
				765A4F64279510430034A328 /* SeSAC-Friends.app */,
				765A4F7A279510440034A328 /* SeSAC-FriendsTests.xctest */,
				765A4F84279510440034A328 /* SeSAC-FriendsUITests.xctest */,
			);
			name = Products;
			sourceTree = "<group>";
		};
		765A4F66279510430034A328 /* SeSAC-Friends */ = {
			isa = PBXGroup;
			children = (
				765A4F67279510430034A328 /* AppDelegate.swift */,
				765A4F69279510430034A328 /* SceneDelegate.swift */,
				765A4F6B279510430034A328 /* ViewController.swift */,
				765A4F70279510440034A328 /* Assets.xcassets */,
				765A4F72279510440034A328 /* LaunchScreen.storyboard */,
				765A4F75279510440034A328 /* Info.plist */,
			);
			path = "SeSAC-Friends";
			sourceTree = "<group>";
		};
		765A4F7D279510440034A328 /* SeSAC-FriendsTests */ = {
			isa = PBXGroup;
			children = (
				765A4F7E279510440034A328 /* SeSAC_FriendsTests.swift */,
			);
			path = "SeSAC-FriendsTests";
			sourceTree = "<group>";
		};
		765A4F87279510440034A328 /* SeSAC-FriendsUITests */ = {
			isa = PBXGroup;
			children = (
				765A4F88279510440034A328 /* SeSAC_FriendsUITests.swift */,
				765A4F8A279510440034A328 /* SeSAC_FriendsUITestsLaunchTests.swift */,
			);
			path = "SeSAC-FriendsUITests";
			sourceTree = "<group>";
		};
/* End PBXGroup section */

/* Begin PBXNativeTarget section */
		765A4F63279510430034A328 /* SeSAC-Friends */ = {
			isa = PBXNativeTarget;
			buildConfigurationList = 765A4F8E279510440034A328 /* Build configuration list for PBXNativeTarget "SeSAC-Friends" */;
			buildPhases = (
				765A4F60279510430034A328 /* Sources */,
				765A4F61279510430034A328 /* Frameworks */,
				765A4F62279510430034A328 /* Resources */,
			);
			buildRules = (
			);
			dependencies = (
			);
			name = "SeSAC-Friends";
			productName = "SeSAC-Friends";
			productReference = 765A4F64279510430034A328 /* SeSAC-Friends.app */;
			productType = "com.apple.product-type.application";
		};
		765A4F79279510440034A328 /* SeSAC-FriendsTests */ = {
			isa = PBXNativeTarget;
			buildConfigurationList = 765A4F91279510440034A328 /* Build configuration list for PBXNativeTarget "SeSAC-FriendsTests" */;
			buildPhases = (
				765A4F76279510440034A328 /* Sources */,
				765A4F77279510440034A328 /* Frameworks */,
				765A4F78279510440034A328 /* Resources */,
			);
			buildRules = (
			);
			dependencies = (
				765A4F7C279510440034A328 /* PBXTargetDependency */,
			);
			name = "SeSAC-FriendsTests";
			productName = "SeSAC-FriendsTests";
			productReference = 765A4F7A279510440034A328 /* SeSAC-FriendsTests.xctest */;
			productType = "com.apple.product-type.bundle.unit-test";
		};
		765A4F83279510440034A328 /* SeSAC-FriendsUITests */ = {
			isa = PBXNativeTarget;
			buildConfigurationList = 765A4F94279510440034A328 /* Build configuration list for PBXNativeTarget "SeSAC-FriendsUITests" */;
			buildPhases = (
				765A4F80279510440034A328 /* Sources */,
				765A4F81279510440034A328 /* Frameworks */,
				765A4F82279510440034A328 /* Resources */,
			);
			buildRules = (
			);
			dependencies = (
				765A4F86279510440034A328 /* PBXTargetDependency */,
			);
			name = "SeSAC-FriendsUITests";
			productName = "SeSAC-FriendsUITests";
			productReference = 765A4F84279510440034A328 /* SeSAC-FriendsUITests.xctest */;
			productType = "com.apple.product-type.bundle.ui-testing";
		};
/* End PBXNativeTarget section */

/* Begin PBXProject section */
		765A4F5C279510430034A328 /* Project object */ = {
			isa = PBXProject;
			attributes = {
				BuildIndependentTargetsInParallel = 1;
				LastSwiftUpdateCheck = 1310;
				LastUpgradeCheck = 1310;
				TargetAttributes = {
					765A4F63279510430034A328 = {
						CreatedOnToolsVersion = 13.1;
					};
					765A4F79279510440034A328 = {
						CreatedOnToolsVersion = 13.1;
						TestTargetID = 765A4F63279510430034A328;
					};
					765A4F83279510440034A328 = {
						CreatedOnToolsVersion = 13.1;
						TestTargetID = 765A4F63279510430034A328;
					};
				};
			};
			buildConfigurationList = 765A4F5F279510430034A328 /* Build configuration list for PBXProject "SeSAC-Friends" */;
			compatibilityVersion = "Xcode 13.0";
			developmentRegion = en;
			hasScannedForEncodings = 0;
			knownRegions = (
				en,
				Base,
			);
			mainGroup = 765A4F5B279510430034A328;
			productRefGroup = 765A4F65279510430034A328 /* Products */;
			projectDirPath = "";
			projectRoot = "";
			targets = (
				765A4F63279510430034A328 /* SeSAC-Friends */,
				765A4F79279510440034A328 /* SeSAC-FriendsTests */,
				765A4F83279510440034A328 /* SeSAC-FriendsUITests */,
			);
		};
/* End PBXProject section */

/* Begin PBXResourcesBuildPhase section */
		765A4F62279510430034A328 /* Resources */ = {
			isa = PBXResourcesBuildPhase;
			buildActionMask = 2147483647;
			files = (
				765A4F74279510440034A328 /* LaunchScreen.storyboard in Resources */,
				765A4F71279510440034A328 /* Assets.xcassets in Resources */,
			);
			runOnlyForDeploymentPostprocessing = 0;
		};
		765A4F78279510440034A328 /* Resources */ = {
			isa = PBXResourcesBuildPhase;
			buildActionMask = 2147483647;
			files = (
			);
			runOnlyForDeploymentPostprocessing = 0;
		};
		765A4F82279510440034A328 /* Resources */ = {
			isa = PBXResourcesBuildPhase;
			buildActionMask = 2147483647;
			files = (
			);
			runOnlyForDeploymentPostprocessing = 0;
		};
/* End PBXResourcesBuildPhase section */

/* Begin PBXSourcesBuildPhase section */
		765A4F60279510430034A328 /* Sources */ = {
			isa = PBXSourcesBuildPhase;
			buildActionMask = 2147483647;
			files = (
				765A4F6C279510430034A328 /* ViewController.swift in Sources */,
				765A4F68279510430034A328 /* AppDelegate.swift in Sources */,
				765A4F6A279510430034A328 /* SceneDelegate.swift in Sources */,
			);
			runOnlyForDeploymentPostprocessing = 0;
		};
		765A4F76279510440034A328 /* Sources */ = {
			isa = PBXSourcesBuildPhase;
			buildActionMask = 2147483647;
			files = (
				765A4F7F279510440034A328 /* SeSAC_FriendsTests.swift in Sources */,
			);
			runOnlyForDeploymentPostprocessing = 0;
		};
		765A4F80279510440034A328 /* Sources */ = {
			isa = PBXSourcesBuildPhase;
			buildActionMask = 2147483647;
			files = (
				765A4F8B279510440034A328 /* SeSAC_FriendsUITestsLaunchTests.swift in Sources */,
				765A4F89279510440034A328 /* SeSAC_FriendsUITests.swift in Sources */,
			);
			runOnlyForDeploymentPostprocessing = 0;
		};
/* End PBXSourcesBuildPhase section */

/* Begin PBXTargetDependency section */
		765A4F7C279510440034A328 /* PBXTargetDependency */ = {
			isa = PBXTargetDependency;
			target = 765A4F63279510430034A328 /* SeSAC-Friends */;
			targetProxy = 765A4F7B279510440034A328 /* PBXContainerItemProxy */;
		};
		765A4F86279510440034A328 /* PBXTargetDependency */ = {
			isa = PBXTargetDependency;
			target = 765A4F63279510430034A328 /* SeSAC-Friends */;
			targetProxy = 765A4F85279510440034A328 /* PBXContainerItemProxy */;
		};
/* End PBXTargetDependency section */

/* Begin PBXVariantGroup section */
		765A4F72279510440034A328 /* LaunchScreen.storyboard */ = {
			isa = PBXVariantGroup;
			children = (
				765A4F73279510440034A328 /* Base */,
			);
			name = LaunchScreen.storyboard;
			sourceTree = "<group>";
		};
/* End PBXVariantGroup section */

/* Begin XCBuildConfiguration section */
		765A4F8C279510440034A328 /* Debug */ = {
			isa = XCBuildConfiguration;
			buildSettings = {
				ALWAYS_SEARCH_USER_PATHS = NO;
				CLANG_ANALYZER_NONNULL = YES;
				CLANG_ANALYZER_NUMBER_OBJECT_CONVERSION = YES_AGGRESSIVE;
				CLANG_CXX_LANGUAGE_STANDARD = "gnu++17";
				CLANG_CXX_LIBRARY = "libc++";
				CLANG_ENABLE_MODULES = YES;
				CLANG_ENABLE_OBJC_ARC = YES;
				CLANG_ENABLE_OBJC_WEAK = YES;
				CLANG_WARN_BLOCK_CAPTURE_AUTORELEASING = YES;
				CLANG_WARN_BOOL_CONVERSION = YES;
				CLANG_WARN_COMMA = YES;
				CLANG_WARN_CONSTANT_CONVERSION = YES;
				CLANG_WARN_DEPRECATED_OBJC_IMPLEMENTATIONS = YES;
				CLANG_WARN_DIRECT_OBJC_ISA_USAGE = YES_ERROR;
				CLANG_WARN_DOCUMENTATION_COMMENTS = YES;
				CLANG_WARN_EMPTY_BODY = YES;
				CLANG_WARN_ENUM_CONVERSION = YES;
				CLANG_WARN_INFINITE_RECURSION = YES;
				CLANG_WARN_INT_CONVERSION = YES;
				CLANG_WARN_NON_LITERAL_NULL_CONVERSION = YES;
				CLANG_WARN_OBJC_IMPLICIT_RETAIN_SELF = YES;
				CLANG_WARN_OBJC_LITERAL_CONVERSION = YES;
				CLANG_WARN_OBJC_ROOT_CLASS = YES_ERROR;
				CLANG_WARN_QUOTED_INCLUDE_IN_FRAMEWORK_HEADER = YES;
				CLANG_WARN_RANGE_LOOP_ANALYSIS = YES;
				CLANG_WARN_STRICT_PROTOTYPES = YES;
				CLANG_WARN_SUSPICIOUS_MOVE = YES;
				CLANG_WARN_UNGUARDED_AVAILABILITY = YES_AGGRESSIVE;
				CLANG_WARN_UNREACHABLE_CODE = YES;
				CLANG_WARN__DUPLICATE_METHOD_MATCH = YES;
				COPY_PHASE_STRIP = NO;
				DEBUG_INFORMATION_FORMAT = dwarf;
				ENABLE_STRICT_OBJC_MSGSEND = YES;
				ENABLE_TESTABILITY = YES;
				GCC_C_LANGUAGE_STANDARD = gnu11;
				GCC_DYNAMIC_NO_PIC = NO;
				GCC_NO_COMMON_BLOCKS = YES;
				GCC_OPTIMIZATION_LEVEL = 0;
				GCC_PREPROCESSOR_DEFINITIONS = (
					"DEBUG=1",
					"$(inherited)",
				);
				GCC_WARN_64_TO_32_BIT_CONVERSION = YES;
				GCC_WARN_ABOUT_RETURN_TYPE = YES_ERROR;
				GCC_WARN_UNDECLARED_SELECTOR = YES;
				GCC_WARN_UNINITIALIZED_AUTOS = YES_AGGRESSIVE;
				GCC_WARN_UNUSED_FUNCTION = YES;
				GCC_WARN_UNUSED_VARIABLE = YES;
				IPHONEOS_DEPLOYMENT_TARGET = 15.0;
				MTL_ENABLE_DEBUG_INFO = INCLUDE_SOURCE;
				MTL_FAST_MATH = YES;
				ONLY_ACTIVE_ARCH = YES;
				SDKROOT = iphoneos;
				SWIFT_ACTIVE_COMPILATION_CONDITIONS = DEBUG;
				SWIFT_OPTIMIZATION_LEVEL = "-Onone";
			};
			name = Debug;
		};
		765A4F8D279510440034A328 /* Release */ = {
			isa = XCBuildConfiguration;
			buildSettings = {
				ALWAYS_SEARCH_USER_PATHS = NO;
				CLANG_ANALYZER_NONNULL = YES;
				CLANG_ANALYZER_NUMBER_OBJECT_CONVERSION = YES_AGGRESSIVE;
				CLANG_CXX_LANGUAGE_STANDARD = "gnu++17";
				CLANG_CXX_LIBRARY = "libc++";
				CLANG_ENABLE_MODULES = YES;
				CLANG_ENABLE_OBJC_ARC = YES;
				CLANG_ENABLE_OBJC_WEAK = YES;
				CLANG_WARN_BLOCK_CAPTURE_AUTORELEASING = YES;
				CLANG_WARN_BOOL_CONVERSION = YES;
				CLANG_WARN_COMMA = YES;
				CLANG_WARN_CONSTANT_CONVERSION = YES;
				CLANG_WARN_DEPRECATED_OBJC_IMPLEMENTATIONS = YES;
				CLANG_WARN_DIRECT_OBJC_ISA_USAGE = YES_ERROR;
				CLANG_WARN_DOCUMENTATION_COMMENTS = YES;
				CLANG_WARN_EMPTY_BODY = YES;
				CLANG_WARN_ENUM_CONVERSION = YES;
				CLANG_WARN_INFINITE_RECURSION = YES;
				CLANG_WARN_INT_CONVERSION = YES;
				CLANG_WARN_NON_LITERAL_NULL_CONVERSION = YES;
				CLANG_WARN_OBJC_IMPLICIT_RETAIN_SELF = YES;
				CLANG_WARN_OBJC_LITERAL_CONVERSION = YES;
				CLANG_WARN_OBJC_ROOT_CLASS = YES_ERROR;
				CLANG_WARN_QUOTED_INCLUDE_IN_FRAMEWORK_HEADER = YES;
				CLANG_WARN_RANGE_LOOP_ANALYSIS = YES;
				CLANG_WARN_STRICT_PROTOTYPES = YES;
				CLANG_WARN_SUSPICIOUS_MOVE = YES;
				CLANG_WARN_UNGUARDED_AVAILABILITY = YES_AGGRESSIVE;
				CLANG_WARN_UNREACHABLE_CODE = YES;
				CLANG_WARN__DUPLICATE_METHOD_MATCH = YES;
				COPY_PHASE_STRIP = NO;
				DEBUG_INFORMATION_FORMAT = "dwarf-with-dsym";
				ENABLE_NS_ASSERTIONS = NO;
				ENABLE_STRICT_OBJC_MSGSEND = YES;
				GCC_C_LANGUAGE_STANDARD = gnu11;
				GCC_NO_COMMON_BLOCKS = YES;
				GCC_WARN_64_TO_32_BIT_CONVERSION = YES;
				GCC_WARN_ABOUT_RETURN_TYPE = YES_ERROR;
				GCC_WARN_UNDECLARED_SELECTOR = YES;
				GCC_WARN_UNINITIALIZED_AUTOS = YES_AGGRESSIVE;
				GCC_WARN_UNUSED_FUNCTION = YES;
				GCC_WARN_UNUSED_VARIABLE = YES;
				IPHONEOS_DEPLOYMENT_TARGET = 15.0;
				MTL_ENABLE_DEBUG_INFO = NO;
				MTL_FAST_MATH = YES;
				SDKROOT = iphoneos;
				SWIFT_COMPILATION_MODE = wholemodule;
				SWIFT_OPTIMIZATION_LEVEL = "-O";
				VALIDATE_PRODUCT = YES;
			};
			name = Release;
		};
		765A4F8F279510440034A328 /* Debug */ = {
			isa = XCBuildConfiguration;
			buildSettings = {
				ASSETCATALOG_COMPILER_APPICON_NAME = AppIcon;
				ASSETCATALOG_COMPILER_GLOBAL_ACCENT_COLOR_NAME = AccentColor;
				CODE_SIGN_STYLE = Automatic;
				CURRENT_PROJECT_VERSION = 1;
				DEVELOPMENT_TEAM = 2MRY8P7863;
				GENERATE_INFOPLIST_FILE = YES;
				INFOPLIST_FILE = "SeSAC-Friends/Info.plist";
				INFOPLIST_KEY_UIApplicationSupportsIndirectInputEvents = YES;
				INFOPLIST_KEY_UILaunchStoryboardName = LaunchScreen;
				INFOPLIST_KEY_UISupportedInterfaceOrientations = UIInterfaceOrientationPortrait;
				INFOPLIST_KEY_UISupportedInterfaceOrientations_iPad = "UIInterfaceOrientationPortrait UIInterfaceOrientationPortraitUpsideDown UIInterfaceOrientationLandscapeLeft UIInterfaceOrientationLandscapeRight";
				INFOPLIST_KEY_UISupportedInterfaceOrientations_iPhone = "UIInterfaceOrientationPortrait UIInterfaceOrientationLandscapeLeft UIInterfaceOrientationLandscapeRight";
				IPHONEOS_DEPLOYMENT_TARGET = 13.0;
				LD_RUNPATH_SEARCH_PATHS = (
					"$(inherited)",
					"@executable_path/Frameworks",
				);
				MARKETING_VERSION = 1.0;
				PRODUCT_BUNDLE_IDENTIFIER = "com.sookim.SeSAC-Friends";
				PRODUCT_NAME = "$(TARGET_NAME)";
				SWIFT_EMIT_LOC_STRINGS = YES;
				SWIFT_VERSION = 5.0;
				TARGETED_DEVICE_FAMILY = 1;
			};
			name = Debug;
		};
		765A4F90279510440034A328 /* Release */ = {
			isa = XCBuildConfiguration;
			buildSettings = {
				ASSETCATALOG_COMPILER_APPICON_NAME = AppIcon;
				ASSETCATALOG_COMPILER_GLOBAL_ACCENT_COLOR_NAME = AccentColor;
				CODE_SIGN_STYLE = Automatic;
				CURRENT_PROJECT_VERSION = 1;
				DEVELOPMENT_TEAM = 2MRY8P7863;
				GENERATE_INFOPLIST_FILE = YES;
				INFOPLIST_FILE = "SeSAC-Friends/Info.plist";
				INFOPLIST_KEY_UIApplicationSupportsIndirectInputEvents = YES;
				INFOPLIST_KEY_UILaunchStoryboardName = LaunchScreen;
				INFOPLIST_KEY_UISupportedInterfaceOrientations = UIInterfaceOrientationPortrait;
				INFOPLIST_KEY_UISupportedInterfaceOrientations_iPad = "UIInterfaceOrientationPortrait UIInterfaceOrientationPortraitUpsideDown UIInterfaceOrientationLandscapeLeft UIInterfaceOrientationLandscapeRight";
				INFOPLIST_KEY_UISupportedInterfaceOrientations_iPhone = "UIInterfaceOrientationPortrait UIInterfaceOrientationLandscapeLeft UIInterfaceOrientationLandscapeRight";
				IPHONEOS_DEPLOYMENT_TARGET = 13.0;
				LD_RUNPATH_SEARCH_PATHS = (
					"$(inherited)",
					"@executable_path/Frameworks",
				);
				MARKETING_VERSION = 1.0;
				PRODUCT_BUNDLE_IDENTIFIER = "com.sookim.SeSAC-Friends";
				PRODUCT_NAME = "$(TARGET_NAME)";
				SWIFT_EMIT_LOC_STRINGS = YES;
				SWIFT_VERSION = 5.0;
				TARGETED_DEVICE_FAMILY = 1;
			};
			name = Release;
		};
		765A4F92279510440034A328 /* Debug */ = {
			isa = XCBuildConfiguration;
			buildSettings = {
				ALWAYS_EMBED_SWIFT_STANDARD_LIBRARIES = YES;
				BUNDLE_LOADER = "$(TEST_HOST)";
				CODE_SIGN_STYLE = Automatic;
				CURRENT_PROJECT_VERSION = 1;
				DEVELOPMENT_TEAM = 2MRY8P7863;
				GENERATE_INFOPLIST_FILE = YES;
				IPHONEOS_DEPLOYMENT_TARGET = 15.0;
				LD_RUNPATH_SEARCH_PATHS = (
					"$(inherited)",
					"@executable_path/Frameworks",
					"@loader_path/Frameworks",
				);
				MARKETING_VERSION = 1.0;
				PRODUCT_BUNDLE_IDENTIFIER = "com.sookim.SeSAC-FriendsTests";
				PRODUCT_NAME = "$(TARGET_NAME)";
				SWIFT_EMIT_LOC_STRINGS = NO;
				SWIFT_VERSION = 5.0;
				TARGETED_DEVICE_FAMILY = "1,2";
				TEST_HOST = "$(BUILT_PRODUCTS_DIR)/SeSAC-Friends.app/SeSAC-Friends";
			};
			name = Debug;
		};
		765A4F93279510440034A328 /* Release */ = {
			isa = XCBuildConfiguration;
			buildSettings = {
				ALWAYS_EMBED_SWIFT_STANDARD_LIBRARIES = YES;
				BUNDLE_LOADER = "$(TEST_HOST)";
				CODE_SIGN_STYLE = Automatic;
				CURRENT_PROJECT_VERSION = 1;
				DEVELOPMENT_TEAM = 2MRY8P7863;
				GENERATE_INFOPLIST_FILE = YES;
				IPHONEOS_DEPLOYMENT_TARGET = 15.0;
				LD_RUNPATH_SEARCH_PATHS = (
					"$(inherited)",
					"@executable_path/Frameworks",
					"@loader_path/Frameworks",
				);
				MARKETING_VERSION = 1.0;
				PRODUCT_BUNDLE_IDENTIFIER = "com.sookim.SeSAC-FriendsTests";
				PRODUCT_NAME = "$(TARGET_NAME)";
				SWIFT_EMIT_LOC_STRINGS = NO;
				SWIFT_VERSION = 5.0;
				TARGETED_DEVICE_FAMILY = "1,2";
				TEST_HOST = "$(BUILT_PRODUCTS_DIR)/SeSAC-Friends.app/SeSAC-Friends";
			};
			name = Release;
		};
		765A4F95279510440034A328 /* Debug */ = {
			isa = XCBuildConfiguration;
			buildSettings = {
				ALWAYS_EMBED_SWIFT_STANDARD_LIBRARIES = YES;
				CODE_SIGN_STYLE = Automatic;
				CURRENT_PROJECT_VERSION = 1;
				DEVELOPMENT_TEAM = 2MRY8P7863;
				GENERATE_INFOPLIST_FILE = YES;
				LD_RUNPATH_SEARCH_PATHS = (
					"$(inherited)",
					"@executable_path/Frameworks",
					"@loader_path/Frameworks",
				);
				MARKETING_VERSION = 1.0;
				PRODUCT_BUNDLE_IDENTIFIER = "com.sookim.SeSAC-FriendsUITests";
				PRODUCT_NAME = "$(TARGET_NAME)";
				SWIFT_EMIT_LOC_STRINGS = NO;
				SWIFT_VERSION = 5.0;
				TARGETED_DEVICE_FAMILY = "1,2";
				TEST_TARGET_NAME = "SeSAC-Friends";
			};
			name = Debug;
		};
		765A4F96279510440034A328 /* Release */ = {
			isa = XCBuildConfiguration;
			buildSettings = {
				ALWAYS_EMBED_SWIFT_STANDARD_LIBRARIES = YES;
				CODE_SIGN_STYLE = Automatic;
				CURRENT_PROJECT_VERSION = 1;
				DEVELOPMENT_TEAM = 2MRY8P7863;
				GENERATE_INFOPLIST_FILE = YES;
				LD_RUNPATH_SEARCH_PATHS = (
					"$(inherited)",
					"@executable_path/Frameworks",
					"@loader_path/Frameworks",
				);
				MARKETING_VERSION = 1.0;
				PRODUCT_BUNDLE_IDENTIFIER = "com.sookim.SeSAC-FriendsUITests";
				PRODUCT_NAME = "$(TARGET_NAME)";
				SWIFT_EMIT_LOC_STRINGS = NO;
				SWIFT_VERSION = 5.0;
				TARGETED_DEVICE_FAMILY = "1,2";
				TEST_TARGET_NAME = "SeSAC-Friends";
			};
			name = Release;
		};
/* End XCBuildConfiguration section */

/* Begin XCConfigurationList section */
		765A4F5F279510430034A328 /* Build configuration list for PBXProject "SeSAC-Friends" */ = {
			isa = XCConfigurationList;
			buildConfigurations = (
				765A4F8C279510440034A328 /* Debug */,
				765A4F8D279510440034A328 /* Release */,
			);
			defaultConfigurationIsVisible = 0;
			defaultConfigurationName = Release;
		};
		765A4F8E279510440034A328 /* Build configuration list for PBXNativeTarget "SeSAC-Friends" */ = {
			isa = XCConfigurationList;
			buildConfigurations = (
				765A4F8F279510440034A328 /* Debug */,
				765A4F90279510440034A328 /* Release */,
			);
			defaultConfigurationIsVisible = 0;
			defaultConfigurationName = Release;
		};
		765A4F91279510440034A328 /* Build configuration list for PBXNativeTarget "SeSAC-FriendsTests" */ = {
			isa = XCConfigurationList;
			buildConfigurations = (
				765A4F92279510440034A328 /* Debug */,
				765A4F93279510440034A328 /* Release */,
			);
			defaultConfigurationIsVisible = 0;
			defaultConfigurationName = Release;
		};
		765A4F94279510440034A328 /* Build configuration list for PBXNativeTarget "SeSAC-FriendsUITests" */ = {
			isa = XCConfigurationList;
			buildConfigurations = (
				765A4F95279510440034A328 /* Debug */,
				765A4F96279510440034A328 /* Release */,
			);
			defaultConfigurationIsVisible = 0;
			defaultConfigurationName = Release;
		};
/* End XCConfigurationList section */
	};
	rootObject = 765A4F5C279510430034A328 /* Project object */;
}
