// !$*UTF8*$!
{
	archiveVersion = 1;
	classes = {
	};
	objectVersion = 55;
	objects = {

/* Begin PBXBuildFile section */
		765A4F68279510430034A328 /* AppDelegate.swift in Sources */ = {isa = PBXBuildFile; fileRef = 765A4F67279510430034A328 /* AppDelegate.swift */; };
		765A4F6A279510430034A328 /* SceneDelegate.swift in Sources */ = {isa = PBXBuildFile; fileRef = 765A4F69279510430034A328 /* SceneDelegate.swift */; };
		765A4F6C279510430034A328 /* SMSAuthVC.swift in Sources */ = {isa = PBXBuildFile; fileRef = 765A4F6B279510430034A328 /* SMSAuthVC.swift */; };
		765A4F71279510440034A328 /* Assets.xcassets in Resources */ = {isa = PBXBuildFile; fileRef = 765A4F70279510440034A328 /* Assets.xcassets */; };
		765A4F74279510440034A328 /* LaunchScreen.storyboard in Resources */ = {isa = PBXBuildFile; fileRef = 765A4F72279510440034A328 /* LaunchScreen.storyboard */; };
		765A4F7F279510440034A328 /* SeSAC_FriendsTests.swift in Sources */ = {isa = PBXBuildFile; fileRef = 765A4F7E279510440034A328 /* SeSAC_FriendsTests.swift */; };
		765A4F89279510440034A328 /* SeSAC_FriendsUITests.swift in Sources */ = {isa = PBXBuildFile; fileRef = 765A4F88279510440034A328 /* SeSAC_FriendsUITests.swift */; };
		765A4F8B279510440034A328 /* SeSAC_FriendsUITestsLaunchTests.swift in Sources */ = {isa = PBXBuildFile; fileRef = 765A4F8A279510440034A328 /* SeSAC_FriendsUITestsLaunchTests.swift */; };
		76CC47872797885600B82EF6 /* NotoSansKR-Medium.otf in Resources */ = {isa = PBXBuildFile; fileRef = 76CC47852797885500B82EF6 /* NotoSansKR-Medium.otf */; };
		76CC47882797885600B82EF6 /* NotoSansKR-Regular.otf in Resources */ = {isa = PBXBuildFile; fileRef = 76CC47862797885600B82EF6 /* NotoSansKR-Regular.otf */; };
		76CC478A27980B7400B82EF6 /* GoogleService-Info.plist in Resources */ = {isa = PBXBuildFile; fileRef = 76CC478927980B7400B82EF6 /* GoogleService-Info.plist */; };
		76CC478D27985DA600B82EF6 /* R.generated.swift in Sources */ = {isa = PBXBuildFile; fileRef = 76CC478C27985DA600B82EF6 /* R.generated.swift */; };
		76CC479027985E5A00B82EF6 /* CustomFont.swift in Sources */ = {isa = PBXBuildFile; fileRef = 76CC478F27985E5A00B82EF6 /* CustomFont.swift */; };
		76CC4792279860CD00B82EF6 /* CustomColor.swift in Sources */ = {isa = PBXBuildFile; fileRef = 76CC4791279860CD00B82EF6 /* CustomColor.swift */; };
		76CC47942798633000B82EF6 /* CustomButton.swift in Sources */ = {isa = PBXBuildFile; fileRef = 76CC47932798633000B82EF6 /* CustomButton.swift */; };
		76CC479627987C6C00B82EF6 /* CustomTextField.swift in Sources */ = {isa = PBXBuildFile; fileRef = 76CC479527987C6C00B82EF6 /* CustomTextField.swift */; };
		76CC479A2798818800B82EF6 /* OnboardingSlide.swift in Sources */ = {isa = PBXBuildFile; fileRef = 76CC47992798818800B82EF6 /* OnboardingSlide.swift */; };
		76CC479D279881C500B82EF6 /* OnboardingCollectionViewCell.swift in Sources */ = {isa = PBXBuildFile; fileRef = 76CC479C279881C400B82EF6 /* OnboardingCollectionViewCell.swift */; };
		76CC479F279881F300B82EF6 /* OnboardingVC.swift in Sources */ = {isa = PBXBuildFile; fileRef = 76CC479E279881F300B82EF6 /* OnboardingVC.swift */; };
		76CC47A22798B2B500B82EF6 /* FirstLaunch.swift in Sources */ = {isa = PBXBuildFile; fileRef = 76CC47A12798B2B500B82EF6 /* FirstLaunch.swift */; };
		76CC47A42798F82200B82EF6 /* SMSAuthViewModel.swift in Sources */ = {isa = PBXBuildFile; fileRef = 76CC47A32798F82200B82EF6 /* SMSAuthViewModel.swift */; };
		8DC310AC0357D98E88240950 /* Pods_SeSAC_FriendsTests.framework in Frameworks */ = {isa = PBXBuildFile; fileRef = 7134A9B299D25E5531425EA2 /* Pods_SeSAC_FriendsTests.framework */; };
		D2067850F49FBFAD5890E1A9 /* Pods_SeSAC_Friends.framework in Frameworks */ = {isa = PBXBuildFile; fileRef = D9B0DF07388A1930EEA9C7B8 /* Pods_SeSAC_Friends.framework */; };
		DE66B39DE7617ED43B20DE7C /* Pods_SeSAC_Friends_SeSAC_FriendsUITests.framework in Frameworks */ = {isa = PBXBuildFile; fileRef = 1F66A08C613686400BCC4042 /* Pods_SeSAC_Friends_SeSAC_FriendsUITests.framework */; };
/* End PBXBuildFile section */

/* Begin PBXContainerItemProxy section */
		765A4F7B279510440034A328 /* PBXContainerItemProxy */ = {
			isa = PBXContainerItemProxy;
			containerPortal = 765A4F5C279510430034A328 /* Project object */;
			proxyType = 1;
			remoteGlobalIDString = 765A4F63279510430034A328;
			remoteInfo = "SeSAC-Friends";
		};
		765A4F85279510440034A328 /* PBXContainerItemProxy */ = {
			isa = PBXContainerItemProxy;
			containerPortal = 765A4F5C279510430034A328 /* Project object */;
			proxyType = 1;
			remoteGlobalIDString = 765A4F63279510430034A328;
			remoteInfo = "SeSAC-Friends";
		};
/* End PBXContainerItemProxy section */

/* Begin PBXFileReference section */
		1F66A08C613686400BCC4042 /* Pods_SeSAC_Friends_SeSAC_FriendsUITests.framework */ = {isa = PBXFileReference; explicitFileType = wrapper.framework; includeInIndex = 0; path = Pods_SeSAC_Friends_SeSAC_FriendsUITests.framework; sourceTree = BUILT_PRODUCTS_DIR; };
		25B8D7E5B3BD2801FE885E09 /* Pods-SeSAC-Friends-SeSAC-FriendsUITests.debug.xcconfig */ = {isa = PBXFileReference; includeInIndex = 1; lastKnownFileType = text.xcconfig; name = "Pods-SeSAC-Friends-SeSAC-FriendsUITests.debug.xcconfig"; path = "Target Support Files/Pods-SeSAC-Friends-SeSAC-FriendsUITests/Pods-SeSAC-Friends-SeSAC-FriendsUITests.debug.xcconfig"; sourceTree = "<group>"; };
		3649F51854AF24D8B0DB4F88 /* Pods-SeSAC-Friends.release.xcconfig */ = {isa = PBXFileReference; includeInIndex = 1; lastKnownFileType = text.xcconfig; name = "Pods-SeSAC-Friends.release.xcconfig"; path = "Target Support Files/Pods-SeSAC-Friends/Pods-SeSAC-Friends.release.xcconfig"; sourceTree = "<group>"; };
		7134A9B299D25E5531425EA2 /* Pods_SeSAC_FriendsTests.framework */ = {isa = PBXFileReference; explicitFileType = wrapper.framework; includeInIndex = 0; path = Pods_SeSAC_FriendsTests.framework; sourceTree = BUILT_PRODUCTS_DIR; };
		765A4F64279510430034A328 /* SeSAC-Friends.app */ = {isa = PBXFileReference; explicitFileType = wrapper.application; includeInIndex = 0; path = "SeSAC-Friends.app"; sourceTree = BUILT_PRODUCTS_DIR; };
		765A4F67279510430034A328 /* AppDelegate.swift */ = {isa = PBXFileReference; lastKnownFileType = sourcecode.swift; path = AppDelegate.swift; sourceTree = "<group>"; };
		765A4F69279510430034A328 /* SceneDelegate.swift */ = {isa = PBXFileReference; lastKnownFileType = sourcecode.swift; path = SceneDelegate.swift; sourceTree = "<group>"; };
		765A4F6B279510430034A328 /* SMSAuthVC.swift */ = {isa = PBXFileReference; lastKnownFileType = sourcecode.swift; path = SMSAuthVC.swift; sourceTree = "<group>"; };
		765A4F70279510440034A328 /* Assets.xcassets */ = {isa = PBXFileReference; lastKnownFileType = folder.assetcatalog; path = Assets.xcassets; sourceTree = "<group>"; };
		765A4F73279510440034A328 /* Base */ = {isa = PBXFileReference; lastKnownFileType = file.storyboard; name = Base; path = Base.lproj/LaunchScreen.storyboard; sourceTree = "<group>"; };
		765A4F75279510440034A328 /* Info.plist */ = {isa = PBXFileReference; lastKnownFileType = text.plist.xml; path = Info.plist; sourceTree = "<group>"; };
		765A4F7A279510440034A328 /* SeSAC-FriendsTests.xctest */ = {isa = PBXFileReference; explicitFileType = wrapper.cfbundle; includeInIndex = 0; path = "SeSAC-FriendsTests.xctest"; sourceTree = BUILT_PRODUCTS_DIR; };
		765A4F7E279510440034A328 /* SeSAC_FriendsTests.swift */ = {isa = PBXFileReference; lastKnownFileType = sourcecode.swift; path = SeSAC_FriendsTests.swift; sourceTree = "<group>"; };
		765A4F84279510440034A328 /* SeSAC-FriendsUITests.xctest */ = {isa = PBXFileReference; explicitFileType = wrapper.cfbundle; includeInIndex = 0; path = "SeSAC-FriendsUITests.xctest"; sourceTree = BUILT_PRODUCTS_DIR; };
		765A4F88279510440034A328 /* SeSAC_FriendsUITests.swift */ = {isa = PBXFileReference; lastKnownFileType = sourcecode.swift; path = SeSAC_FriendsUITests.swift; sourceTree = "<group>"; };
		765A4F8A279510440034A328 /* SeSAC_FriendsUITestsLaunchTests.swift */ = {isa = PBXFileReference; lastKnownFileType = sourcecode.swift; path = SeSAC_FriendsUITestsLaunchTests.swift; sourceTree = "<group>"; };
		76CC47852797885500B82EF6 /* NotoSansKR-Medium.otf */ = {isa = PBXFileReference; lastKnownFileType = file; path = "NotoSansKR-Medium.otf"; sourceTree = "<group>"; };
		76CC47862797885600B82EF6 /* NotoSansKR-Regular.otf */ = {isa = PBXFileReference; lastKnownFileType = file; path = "NotoSansKR-Regular.otf"; sourceTree = "<group>"; };
		76CC478927980B7400B82EF6 /* GoogleService-Info.plist */ = {isa = PBXFileReference; fileEncoding = 4; lastKnownFileType = text.plist.xml; path = "GoogleService-Info.plist"; sourceTree = "<group>"; };
		76CC478C27985DA600B82EF6 /* R.generated.swift */ = {isa = PBXFileReference; fileEncoding = 4; lastKnownFileType = sourcecode.swift; path = R.generated.swift; sourceTree = SOURCE_ROOT; };
		76CC478F27985E5A00B82EF6 /* CustomFont.swift */ = {isa = PBXFileReference; lastKnownFileType = sourcecode.swift; path = CustomFont.swift; sourceTree = "<group>"; };
		76CC4791279860CD00B82EF6 /* CustomColor.swift */ = {isa = PBXFileReference; lastKnownFileType = sourcecode.swift; path = CustomColor.swift; sourceTree = "<group>"; };
		76CC47932798633000B82EF6 /* CustomButton.swift */ = {isa = PBXFileReference; lastKnownFileType = sourcecode.swift; path = CustomButton.swift; sourceTree = "<group>"; };
		76CC479527987C6C00B82EF6 /* CustomTextField.swift */ = {isa = PBXFileReference; lastKnownFileType = sourcecode.swift; path = CustomTextField.swift; sourceTree = "<group>"; };
		76CC47992798818800B82EF6 /* OnboardingSlide.swift */ = {isa = PBXFileReference; lastKnownFileType = sourcecode.swift; path = OnboardingSlide.swift; sourceTree = "<group>"; };
		76CC479C279881C400B82EF6 /* OnboardingCollectionViewCell.swift */ = {isa = PBXFileReference; lastKnownFileType = sourcecode.swift; path = OnboardingCollectionViewCell.swift; sourceTree = "<group>"; };
		76CC479E279881F300B82EF6 /* OnboardingVC.swift */ = {isa = PBXFileReference; lastKnownFileType = sourcecode.swift; path = OnboardingVC.swift; sourceTree = "<group>"; };
		76CC47A12798B2B500B82EF6 /* FirstLaunch.swift */ = {isa = PBXFileReference; lastKnownFileType = sourcecode.swift; path = FirstLaunch.swift; sourceTree = "<group>"; };
		76CC47A32798F82200B82EF6 /* SMSAuthViewModel.swift */ = {isa = PBXFileReference; lastKnownFileType = sourcecode.swift; path = SMSAuthViewModel.swift; sourceTree = "<group>"; };
		877E55BE2C47F8E371F7A836 /* Pods-SeSAC-FriendsTests.release.xcconfig */ = {isa = PBXFileReference; includeInIndex = 1; lastKnownFileType = text.xcconfig; name = "Pods-SeSAC-FriendsTests.release.xcconfig"; path = "Target Support Files/Pods-SeSAC-FriendsTests/Pods-SeSAC-FriendsTests.release.xcconfig"; sourceTree = "<group>"; };
		91CCE32BA0FF98052F72337F /* Pods-SeSAC-FriendsTests.debug.xcconfig */ = {isa = PBXFileReference; includeInIndex = 1; lastKnownFileType = text.xcconfig; name = "Pods-SeSAC-FriendsTests.debug.xcconfig"; path = "Target Support Files/Pods-SeSAC-FriendsTests/Pods-SeSAC-FriendsTests.debug.xcconfig"; sourceTree = "<group>"; };
		D9B0DF07388A1930EEA9C7B8 /* Pods_SeSAC_Friends.framework */ = {isa = PBXFileReference; explicitFileType = wrapper.framework; includeInIndex = 0; path = Pods_SeSAC_Friends.framework; sourceTree = BUILT_PRODUCTS_DIR; };
		F34915DCDA044ACD7CF9129A /* Pods-SeSAC-Friends-SeSAC-FriendsUITests.release.xcconfig */ = {isa = PBXFileReference; includeInIndex = 1; lastKnownFileType = text.xcconfig; name = "Pods-SeSAC-Friends-SeSAC-FriendsUITests.release.xcconfig"; path = "Target Support Files/Pods-SeSAC-Friends-SeSAC-FriendsUITests/Pods-SeSAC-Friends-SeSAC-FriendsUITests.release.xcconfig"; sourceTree = "<group>"; };
		FCBD4895FD56136D5096DE43 /* Pods-SeSAC-Friends.debug.xcconfig */ = {isa = PBXFileReference; includeInIndex = 1; lastKnownFileType = text.xcconfig; name = "Pods-SeSAC-Friends.debug.xcconfig"; path = "Target Support Files/Pods-SeSAC-Friends/Pods-SeSAC-Friends.debug.xcconfig"; sourceTree = "<group>"; };
/* End PBXFileReference section */

/* Begin PBXFrameworksBuildPhase section */
		765A4F61279510430034A328 /* Frameworks */ = {
			isa = PBXFrameworksBuildPhase;
			buildActionMask = 2147483647;
			files = (
				D2067850F49FBFAD5890E1A9 /* Pods_SeSAC_Friends.framework in Frameworks */,
			);
			runOnlyForDeploymentPostprocessing = 0;
		};
		765A4F77279510440034A328 /* Frameworks */ = {
			isa = PBXFrameworksBuildPhase;
			buildActionMask = 2147483647;
			files = (
				8DC310AC0357D98E88240950 /* Pods_SeSAC_FriendsTests.framework in Frameworks */,
			);
			runOnlyForDeploymentPostprocessing = 0;
		};
		765A4F81279510440034A328 /* Frameworks */ = {
			isa = PBXFrameworksBuildPhase;
			buildActionMask = 2147483647;
			files = (
				DE66B39DE7617ED43B20DE7C /* Pods_SeSAC_Friends_SeSAC_FriendsUITests.framework in Frameworks */,
			);
			runOnlyForDeploymentPostprocessing = 0;
		};
/* End PBXFrameworksBuildPhase section */

/* Begin PBXGroup section */
		24742796F645F7FCDE435CAE /* Pods */ = {
			isa = PBXGroup;
			children = (
				FCBD4895FD56136D5096DE43 /* Pods-SeSAC-Friends.debug.xcconfig */,
				3649F51854AF24D8B0DB4F88 /* Pods-SeSAC-Friends.release.xcconfig */,
				25B8D7E5B3BD2801FE885E09 /* Pods-SeSAC-Friends-SeSAC-FriendsUITests.debug.xcconfig */,
				F34915DCDA044ACD7CF9129A /* Pods-SeSAC-Friends-SeSAC-FriendsUITests.release.xcconfig */,
				91CCE32BA0FF98052F72337F /* Pods-SeSAC-FriendsTests.debug.xcconfig */,
				877E55BE2C47F8E371F7A836 /* Pods-SeSAC-FriendsTests.release.xcconfig */,
			);
			path = Pods;
			sourceTree = "<group>";
		};
		58AA94650FE389AEF69DA950 /* Frameworks */ = {
			isa = PBXGroup;
			children = (
				D9B0DF07388A1930EEA9C7B8 /* Pods_SeSAC_Friends.framework */,
				1F66A08C613686400BCC4042 /* Pods_SeSAC_Friends_SeSAC_FriendsUITests.framework */,
				7134A9B299D25E5531425EA2 /* Pods_SeSAC_FriendsTests.framework */,
			);
			name = Frameworks;
			sourceTree = "<group>";
		};
		765A4F5B279510430034A328 = {
			isa = PBXGroup;
			children = (
				765A4F66279510430034A328 /* SeSAC-Friends */,
				765A4F7D279510440034A328 /* SeSAC-FriendsTests */,
				765A4F87279510440034A328 /* SeSAC-FriendsUITests */,
				765A4F65279510430034A328 /* Products */,
				24742796F645F7FCDE435CAE /* Pods */,
				58AA94650FE389AEF69DA950 /* Frameworks */,
			);
			sourceTree = "<group>";
		};
		765A4F65279510430034A328 /* Products */ = {
			isa = PBXGroup;
			children = (
				765A4F64279510430034A328 /* SeSAC-Friends.app */,
				765A4F7A279510440034A328 /* SeSAC-FriendsTests.xctest */,
				765A4F84279510440034A328 /* SeSAC-FriendsUITests.xctest */,
			);
			name = Products;
			sourceTree = "<group>";
		};
		765A4F66279510430034A328 /* SeSAC-Friends */ = {
			isa = PBXGroup;
			children = (
				76CC47A02798B2A600B82EF6 /* Helper */,
				76CC479B279881AC00B82EF6 /* CustomCells */,
				76CC47982798817A00B82EF6 /* Models */,
				76CC47972798817200B82EF6 /* Views */,
				76CC478E27985E4500B82EF6 /* CustomViews */,
				76CC47842797881000B82EF6 /* Fonts */,
				765A4F67279510430034A328 /* AppDelegate.swift */,
				765A4F69279510430034A328 /* SceneDelegate.swift */,
				76CC47A32798F82200B82EF6 /* SMSAuthViewModel.swift */,
				765A4F6B279510430034A328 /* SMSAuthVC.swift */,
				76CC478C27985DA600B82EF6 /* R.generated.swift */,
				76CC478927980B7400B82EF6 /* GoogleService-Info.plist */,
				765A4F70279510440034A328 /* Assets.xcassets */,
				765A4F72279510440034A328 /* LaunchScreen.storyboard */,
				765A4F75279510440034A328 /* Info.plist */,
			);
			path = "SeSAC-Friends";
			sourceTree = "<group>";
		};
		765A4F7D279510440034A328 /* SeSAC-FriendsTests */ = {
			isa = PBXGroup;
			children = (
				765A4F7E279510440034A328 /* SeSAC_FriendsTests.swift */,
			);
			path = "SeSAC-FriendsTests";
			sourceTree = "<group>";
		};
		765A4F87279510440034A328 /* SeSAC-FriendsUITests */ = {
			isa = PBXGroup;
			children = (
				765A4F88279510440034A328 /* SeSAC_FriendsUITests.swift */,
				765A4F8A279510440034A328 /* SeSAC_FriendsUITestsLaunchTests.swift */,
			);
			path = "SeSAC-FriendsUITests";
			sourceTree = "<group>";
		};
		76CC47842797881000B82EF6 /* Fonts */ = {
			isa = PBXGroup;
			children = (
				76CC47852797885500B82EF6 /* NotoSansKR-Medium.otf */,
				76CC47862797885600B82EF6 /* NotoSansKR-Regular.otf */,
				76CC478F27985E5A00B82EF6 /* CustomFont.swift */,
			);
			path = Fonts;
			sourceTree = "<group>";
		};
		76CC478E27985E4500B82EF6 /* CustomViews */ = {
			isa = PBXGroup;
			children = (
				76CC4791279860CD00B82EF6 /* CustomColor.swift */,
				76CC47932798633000B82EF6 /* CustomButton.swift */,
				76CC479527987C6C00B82EF6 /* CustomTextField.swift */,
			);
			path = CustomViews;
			sourceTree = "<group>";
		};
		76CC47972798817200B82EF6 /* Views */ = {
			isa = PBXGroup;
			children = (
				76CC479E279881F300B82EF6 /* OnboardingVC.swift */,
			);
			path = Views;
			sourceTree = "<group>";
		};
		76CC47982798817A00B82EF6 /* Models */ = {
			isa = PBXGroup;
			children = (
				76CC47992798818800B82EF6 /* OnboardingSlide.swift */,
			);
			path = Models;
			sourceTree = "<group>";
		};
		76CC479B279881AC00B82EF6 /* CustomCells */ = {
			isa = PBXGroup;
			children = (
				76CC479C279881C400B82EF6 /* OnboardingCollectionViewCell.swift */,
			);
			path = CustomCells;
			sourceTree = "<group>";
		};
		76CC47A02798B2A600B82EF6 /* Helper */ = {
			isa = PBXGroup;
			children = (
				76CC47A12798B2B500B82EF6 /* FirstLaunch.swift */,
			);
			path = Helper;
			sourceTree = "<group>";
		};
/* End PBXGroup section */

/* Begin PBXNativeTarget section */
		765A4F63279510430034A328 /* SeSAC-Friends */ = {
			isa = PBXNativeTarget;
			buildConfigurationList = 765A4F8E279510440034A328 /* Build configuration list for PBXNativeTarget "SeSAC-Friends" */;
			buildPhases = (
				C601E51364EE99F2F1E4A75B /* [CP] Check Pods Manifest.lock */,
				76CC478B2798598B00B82EF6 /* Run Script */,
				765A4F60279510430034A328 /* Sources */,
				765A4F61279510430034A328 /* Frameworks */,
				765A4F62279510430034A328 /* Resources */,
				8EB7ECCC7F8E9434B7C67061 /* [CP] Embed Pods Frameworks */,
			);
			buildRules = (
			);
			dependencies = (
			);
			name = "SeSAC-Friends";
			productName = "SeSAC-Friends";
			productReference = 765A4F64279510430034A328 /* SeSAC-Friends.app */;
			productType = "com.apple.product-type.application";
		};
		765A4F79279510440034A328 /* SeSAC-FriendsTests */ = {
			isa = PBXNativeTarget;
			buildConfigurationList = 765A4F91279510440034A328 /* Build configuration list for PBXNativeTarget "SeSAC-FriendsTests" */;
			buildPhases = (
				78B57F25E43387E6EBDCC761 /* [CP] Check Pods Manifest.lock */,
				765A4F76279510440034A328 /* Sources */,
				765A4F77279510440034A328 /* Frameworks */,
				765A4F78279510440034A328 /* Resources */,
			);
			buildRules = (
			);
			dependencies = (
				765A4F7C279510440034A328 /* PBXTargetDependency */,
			);
			name = "SeSAC-FriendsTests";
			productName = "SeSAC-FriendsTests";
			productReference = 765A4F7A279510440034A328 /* SeSAC-FriendsTests.xctest */;
			productType = "com.apple.product-type.bundle.unit-test";
		};
		765A4F83279510440034A328 /* SeSAC-FriendsUITests */ = {
			isa = PBXNativeTarget;
			buildConfigurationList = 765A4F94279510440034A328 /* Build configuration list for PBXNativeTarget "SeSAC-FriendsUITests" */;
			buildPhases = (
				BF54E6E0617EEFEE58683D5C /* [CP] Check Pods Manifest.lock */,
				765A4F80279510440034A328 /* Sources */,
				765A4F81279510440034A328 /* Frameworks */,
				765A4F82279510440034A328 /* Resources */,
				BD7CA85B25A8EE547E63815A /* [CP] Embed Pods Frameworks */,
			);
			buildRules = (
			);
			dependencies = (
				765A4F86279510440034A328 /* PBXTargetDependency */,
			);
			name = "SeSAC-FriendsUITests";
			productName = "SeSAC-FriendsUITests";
			productReference = 765A4F84279510440034A328 /* SeSAC-FriendsUITests.xctest */;
			productType = "com.apple.product-type.bundle.ui-testing";
		};
/* End PBXNativeTarget section */

/* Begin PBXProject section */
		765A4F5C279510430034A328 /* Project object */ = {
			isa = PBXProject;
			attributes = {
				BuildIndependentTargetsInParallel = 1;
				LastSwiftUpdateCheck = 1310;
				LastUpgradeCheck = 1310;
				TargetAttributes = {
					765A4F63279510430034A328 = {
						CreatedOnToolsVersion = 13.1;
					};
					765A4F79279510440034A328 = {
						CreatedOnToolsVersion = 13.1;
						TestTargetID = 765A4F63279510430034A328;
					};
					765A4F83279510440034A328 = {
						CreatedOnToolsVersion = 13.1;
						TestTargetID = 765A4F63279510430034A328;
					};
				};
			};
			buildConfigurationList = 765A4F5F279510430034A328 /* Build configuration list for PBXProject "SeSAC-Friends" */;
			compatibilityVersion = "Xcode 13.0";
			developmentRegion = en;
			hasScannedForEncodings = 0;
			knownRegions = (
				en,
				Base,
			);
			mainGroup = 765A4F5B279510430034A328;
			productRefGroup = 765A4F65279510430034A328 /* Products */;
			projectDirPath = "";
			projectRoot = "";
			targets = (
				765A4F63279510430034A328 /* SeSAC-Friends */,
				765A4F79279510440034A328 /* SeSAC-FriendsTests */,
				765A4F83279510440034A328 /* SeSAC-FriendsUITests */,
			);
		};
/* End PBXProject section */

/* Begin PBXResourcesBuildPhase section */
		765A4F62279510430034A328 /* Resources */ = {
			isa = PBXResourcesBuildPhase;
			buildActionMask = 2147483647;
			files = (
				76CC47872797885600B82EF6 /* NotoSansKR-Medium.otf in Resources */,
				765A4F74279510440034A328 /* LaunchScreen.storyboard in Resources */,
				76CC478A27980B7400B82EF6 /* GoogleService-Info.plist in Resources */,
				765A4F71279510440034A328 /* Assets.xcassets in Resources */,
				76CC47882797885600B82EF6 /* NotoSansKR-Regular.otf in Resources */,
			);
			runOnlyForDeploymentPostprocessing = 0;
		};
		765A4F78279510440034A328 /* Resources */ = {
			isa = PBXResourcesBuildPhase;
			buildActionMask = 2147483647;
			files = (
			);
			runOnlyForDeploymentPostprocessing = 0;
		};
		765A4F82279510440034A328 /* Resources */ = {
			isa = PBXResourcesBuildPhase;
			buildActionMask = 2147483647;
			files = (
			);
			runOnlyForDeploymentPostprocessing = 0;
		};
/* End PBXResourcesBuildPhase section */

/* Begin PBXShellScriptBuildPhase section */
		76CC478B2798598B00B82EF6 /* Run Script */ = {
			isa = PBXShellScriptBuildPhase;
			buildActionMask = 2147483647;
			files = (
			);
			inputFileListPaths = (
			);
			inputPaths = (
			);
			name = "Run Script";
			outputFileListPaths = (
			);
			outputPaths = (
				$SRCROOT/R.generated.swift,
			);
			runOnlyForDeploymentPostprocessing = 0;
			shellPath = /bin/sh;
			shellScript = "\"$PODS_ROOT/R.swift/rswift\" generate \"$SRCROOT/R.generated.swift\"\n";
		};
		78B57F25E43387E6EBDCC761 /* [CP] Check Pods Manifest.lock */ = {
			isa = PBXShellScriptBuildPhase;
			buildActionMask = 2147483647;
			files = (
			);
			inputFileListPaths = (
			);
			inputPaths = (
				"${PODS_PODFILE_DIR_PATH}/Podfile.lock",
				"${PODS_ROOT}/Manifest.lock",
			);
			name = "[CP] Check Pods Manifest.lock";
			outputFileListPaths = (
			);
			outputPaths = (
				"$(DERIVED_FILE_DIR)/Pods-SeSAC-FriendsTests-checkManifestLockResult.txt",
			);
			runOnlyForDeploymentPostprocessing = 0;
			shellPath = /bin/sh;
			shellScript = "diff \"${PODS_PODFILE_DIR_PATH}/Podfile.lock\" \"${PODS_ROOT}/Manifest.lock\" > /dev/null\nif [ $? != 0 ] ; then\n    # print error to STDERR\n    echo \"error: The sandbox is not in sync with the Podfile.lock. Run 'pod install' or update your CocoaPods installation.\" >&2\n    exit 1\nfi\n# This output is used by Xcode 'outputs' to avoid re-running this script phase.\necho \"SUCCESS\" > \"${SCRIPT_OUTPUT_FILE_0}\"\n";
			showEnvVarsInLog = 0;
		};
		8EB7ECCC7F8E9434B7C67061 /* [CP] Embed Pods Frameworks */ = {
			isa = PBXShellScriptBuildPhase;
			buildActionMask = 2147483647;
			files = (
			);
			inputFileListPaths = (
				"${PODS_ROOT}/Target Support Files/Pods-SeSAC-Friends/Pods-SeSAC-Friends-frameworks-${CONFIGURATION}-input-files.xcfilelist",
			);
			name = "[CP] Embed Pods Frameworks";
			outputFileListPaths = (
				"${PODS_ROOT}/Target Support Files/Pods-SeSAC-Friends/Pods-SeSAC-Friends-frameworks-${CONFIGURATION}-output-files.xcfilelist",
			);
			runOnlyForDeploymentPostprocessing = 0;
			shellPath = /bin/sh;
			shellScript = "\"${PODS_ROOT}/Target Support Files/Pods-SeSAC-Friends/Pods-SeSAC-Friends-frameworks.sh\"\n";
			showEnvVarsInLog = 0;
		};
		BD7CA85B25A8EE547E63815A /* [CP] Embed Pods Frameworks */ = {
			isa = PBXShellScriptBuildPhase;
			buildActionMask = 2147483647;
			files = (
			);
			inputFileListPaths = (
				"${PODS_ROOT}/Target Support Files/Pods-SeSAC-Friends-SeSAC-FriendsUITests/Pods-SeSAC-Friends-SeSAC-FriendsUITests-frameworks-${CONFIGURATION}-input-files.xcfilelist",
			);
			name = "[CP] Embed Pods Frameworks";
			outputFileListPaths = (
				"${PODS_ROOT}/Target Support Files/Pods-SeSAC-Friends-SeSAC-FriendsUITests/Pods-SeSAC-Friends-SeSAC-FriendsUITests-frameworks-${CONFIGURATION}-output-files.xcfilelist",
			);
			runOnlyForDeploymentPostprocessing = 0;
			shellPath = /bin/sh;
			shellScript = "\"${PODS_ROOT}/Target Support Files/Pods-SeSAC-Friends-SeSAC-FriendsUITests/Pods-SeSAC-Friends-SeSAC-FriendsUITests-frameworks.sh\"\n";
			showEnvVarsInLog = 0;
		};
		BF54E6E0617EEFEE58683D5C /* [CP] Check Pods Manifest.lock */ = {
			isa = PBXShellScriptBuildPhase;
			buildActionMask = 2147483647;
			files = (
			);
			inputFileListPaths = (
			);
			inputPaths = (
				"${PODS_PODFILE_DIR_PATH}/Podfile.lock",
				"${PODS_ROOT}/Manifest.lock",
			);
			name = "[CP] Check Pods Manifest.lock";
			outputFileListPaths = (
			);
			outputPaths = (
				"$(DERIVED_FILE_DIR)/Pods-SeSAC-Friends-SeSAC-FriendsUITests-checkManifestLockResult.txt",
			);
			runOnlyForDeploymentPostprocessing = 0;
			shellPath = /bin/sh;
			shellScript = "diff \"${PODS_PODFILE_DIR_PATH}/Podfile.lock\" \"${PODS_ROOT}/Manifest.lock\" > /dev/null\nif [ $? != 0 ] ; then\n    # print error to STDERR\n    echo \"error: The sandbox is not in sync with the Podfile.lock. Run 'pod install' or update your CocoaPods installation.\" >&2\n    exit 1\nfi\n# This output is used by Xcode 'outputs' to avoid re-running this script phase.\necho \"SUCCESS\" > \"${SCRIPT_OUTPUT_FILE_0}\"\n";
			showEnvVarsInLog = 0;
		};
		C601E51364EE99F2F1E4A75B /* [CP] Check Pods Manifest.lock */ = {
			isa = PBXShellScriptBuildPhase;
			buildActionMask = 2147483647;
			files = (
			);
			inputFileListPaths = (
			);
			inputPaths = (
				"${PODS_PODFILE_DIR_PATH}/Podfile.lock",
				"${PODS_ROOT}/Manifest.lock",
			);
			name = "[CP] Check Pods Manifest.lock";
			outputFileListPaths = (
			);
			outputPaths = (
				"$(DERIVED_FILE_DIR)/Pods-SeSAC-Friends-checkManifestLockResult.txt",
			);
			runOnlyForDeploymentPostprocessing = 0;
			shellPath = /bin/sh;
			shellScript = "diff \"${PODS_PODFILE_DIR_PATH}/Podfile.lock\" \"${PODS_ROOT}/Manifest.lock\" > /dev/null\nif [ $? != 0 ] ; then\n    # print error to STDERR\n    echo \"error: The sandbox is not in sync with the Podfile.lock. Run 'pod install' or update your CocoaPods installation.\" >&2\n    exit 1\nfi\n# This output is used by Xcode 'outputs' to avoid re-running this script phase.\necho \"SUCCESS\" > \"${SCRIPT_OUTPUT_FILE_0}\"\n";
			showEnvVarsInLog = 0;
		};
/* End PBXShellScriptBuildPhase section */

/* Begin PBXSourcesBuildPhase section */
		765A4F60279510430034A328 /* Sources */ = {
			isa = PBXSourcesBuildPhase;
			buildActionMask = 2147483647;
			files = (
				76CC479027985E5A00B82EF6 /* CustomFont.swift in Sources */,
				765A4F6C279510430034A328 /* SMSAuthVC.swift in Sources */,
				76CC4792279860CD00B82EF6 /* CustomColor.swift in Sources */,
				76CC47A22798B2B500B82EF6 /* FirstLaunch.swift in Sources */,
				765A4F68279510430034A328 /* AppDelegate.swift in Sources */,
				76CC479627987C6C00B82EF6 /* CustomTextField.swift in Sources */,
				76CC47942798633000B82EF6 /* CustomButton.swift in Sources */,
				76CC47A42798F82200B82EF6 /* SMSAuthViewModel.swift in Sources */,
				76CC479F279881F300B82EF6 /* OnboardingVC.swift in Sources */,
				765A4F6A279510430034A328 /* SceneDelegate.swift in Sources */,
				76CC479D279881C500B82EF6 /* OnboardingCollectionViewCell.swift in Sources */,
				76CC479A2798818800B82EF6 /* OnboardingSlide.swift in Sources */,
				76CC478D27985DA600B82EF6 /* R.generated.swift in Sources */,
			);
			runOnlyForDeploymentPostprocessing = 0;
		};
		765A4F76279510440034A328 /* Sources */ = {
			isa = PBXSourcesBuildPhase;
			buildActionMask = 2147483647;
			files = (
				765A4F7F279510440034A328 /* SeSAC_FriendsTests.swift in Sources */,
			);
			runOnlyForDeploymentPostprocessing = 0;
		};
		765A4F80279510440034A328 /* Sources */ = {
			isa = PBXSourcesBuildPhase;
			buildActionMask = 2147483647;
			files = (
				765A4F8B279510440034A328 /* SeSAC_FriendsUITestsLaunchTests.swift in Sources */,
				765A4F89279510440034A328 /* SeSAC_FriendsUITests.swift in Sources */,
			);
			runOnlyForDeploymentPostprocessing = 0;
		};
/* End PBXSourcesBuildPhase section */

/* Begin PBXTargetDependency section */
		765A4F7C279510440034A328 /* PBXTargetDependency */ = {
			isa = PBXTargetDependency;
			target = 765A4F63279510430034A328 /* SeSAC-Friends */;
			targetProxy = 765A4F7B279510440034A328 /* PBXContainerItemProxy */;
		};
		765A4F86279510440034A328 /* PBXTargetDependency */ = {
			isa = PBXTargetDependency;
			target = 765A4F63279510430034A328 /* SeSAC-Friends */;
			targetProxy = 765A4F85279510440034A328 /* PBXContainerItemProxy */;
		};
/* End PBXTargetDependency section */

/* Begin PBXVariantGroup section */
		765A4F72279510440034A328 /* LaunchScreen.storyboard */ = {
			isa = PBXVariantGroup;
			children = (
				765A4F73279510440034A328 /* Base */,
			);
			name = LaunchScreen.storyboard;
			sourceTree = "<group>";
		};
/* End PBXVariantGroup section */

/* Begin XCBuildConfiguration section */
		765A4F8C279510440034A328 /* Debug */ = {
			isa = XCBuildConfiguration;
			buildSettings = {
				ALWAYS_SEARCH_USER_PATHS = NO;
				CLANG_ANALYZER_NONNULL = YES;
				CLANG_ANALYZER_NUMBER_OBJECT_CONVERSION = YES_AGGRESSIVE;
				CLANG_CXX_LANGUAGE_STANDARD = "gnu++17";
				CLANG_CXX_LIBRARY = "libc++";
				CLANG_ENABLE_MODULES = YES;
				CLANG_ENABLE_OBJC_ARC = YES;
				CLANG_ENABLE_OBJC_WEAK = YES;
				CLANG_WARN_BLOCK_CAPTURE_AUTORELEASING = YES;
				CLANG_WARN_BOOL_CONVERSION = YES;
				CLANG_WARN_COMMA = YES;
				CLANG_WARN_CONSTANT_CONVERSION = YES;
				CLANG_WARN_DEPRECATED_OBJC_IMPLEMENTATIONS = YES;
				CLANG_WARN_DIRECT_OBJC_ISA_USAGE = YES_ERROR;
				CLANG_WARN_DOCUMENTATION_COMMENTS = YES;
				CLANG_WARN_EMPTY_BODY = YES;
				CLANG_WARN_ENUM_CONVERSION = YES;
				CLANG_WARN_INFINITE_RECURSION = YES;
				CLANG_WARN_INT_CONVERSION = YES;
				CLANG_WARN_NON_LITERAL_NULL_CONVERSION = YES;
				CLANG_WARN_OBJC_IMPLICIT_RETAIN_SELF = YES;
				CLANG_WARN_OBJC_LITERAL_CONVERSION = YES;
				CLANG_WARN_OBJC_ROOT_CLASS = YES_ERROR;
				CLANG_WARN_QUOTED_INCLUDE_IN_FRAMEWORK_HEADER = YES;
				CLANG_WARN_RANGE_LOOP_ANALYSIS = YES;
				CLANG_WARN_STRICT_PROTOTYPES = YES;
				CLANG_WARN_SUSPICIOUS_MOVE = YES;
				CLANG_WARN_UNGUARDED_AVAILABILITY = YES_AGGRESSIVE;
				CLANG_WARN_UNREACHABLE_CODE = YES;
				CLANG_WARN__DUPLICATE_METHOD_MATCH = YES;
				COPY_PHASE_STRIP = NO;
				DEBUG_INFORMATION_FORMAT = dwarf;
				ENABLE_STRICT_OBJC_MSGSEND = YES;
				ENABLE_TESTABILITY = YES;
				GCC_C_LANGUAGE_STANDARD = gnu11;
				GCC_DYNAMIC_NO_PIC = NO;
				GCC_NO_COMMON_BLOCKS = YES;
				GCC_OPTIMIZATION_LEVEL = 0;
				GCC_PREPROCESSOR_DEFINITIONS = (
					"DEBUG=1",
					"$(inherited)",
				);
				GCC_WARN_64_TO_32_BIT_CONVERSION = YES;
				GCC_WARN_ABOUT_RETURN_TYPE = YES_ERROR;
				GCC_WARN_UNDECLARED_SELECTOR = YES;
				GCC_WARN_UNINITIALIZED_AUTOS = YES_AGGRESSIVE;
				GCC_WARN_UNUSED_FUNCTION = YES;
				GCC_WARN_UNUSED_VARIABLE = YES;
				IPHONEOS_DEPLOYMENT_TARGET = 15.0;
				MTL_ENABLE_DEBUG_INFO = INCLUDE_SOURCE;
				MTL_FAST_MATH = YES;
				ONLY_ACTIVE_ARCH = YES;
				SDKROOT = iphoneos;
				SWIFT_ACTIVE_COMPILATION_CONDITIONS = DEBUG;
				SWIFT_OPTIMIZATION_LEVEL = "-Onone";
			};
			name = Debug;
		};
		765A4F8D279510440034A328 /* Release */ = {
			isa = XCBuildConfiguration;
			buildSettings = {
				ALWAYS_SEARCH_USER_PATHS = NO;
				CLANG_ANALYZER_NONNULL = YES;
				CLANG_ANALYZER_NUMBER_OBJECT_CONVERSION = YES_AGGRESSIVE;
				CLANG_CXX_LANGUAGE_STANDARD = "gnu++17";
				CLANG_CXX_LIBRARY = "libc++";
				CLANG_ENABLE_MODULES = YES;
				CLANG_ENABLE_OBJC_ARC = YES;
				CLANG_ENABLE_OBJC_WEAK = YES;
				CLANG_WARN_BLOCK_CAPTURE_AUTORELEASING = YES;
				CLANG_WARN_BOOL_CONVERSION = YES;
				CLANG_WARN_COMMA = YES;
				CLANG_WARN_CONSTANT_CONVERSION = YES;
				CLANG_WARN_DEPRECATED_OBJC_IMPLEMENTATIONS = YES;
				CLANG_WARN_DIRECT_OBJC_ISA_USAGE = YES_ERROR;
				CLANG_WARN_DOCUMENTATION_COMMENTS = YES;
				CLANG_WARN_EMPTY_BODY = YES;
				CLANG_WARN_ENUM_CONVERSION = YES;
				CLANG_WARN_INFINITE_RECURSION = YES;
				CLANG_WARN_INT_CONVERSION = YES;
				CLANG_WARN_NON_LITERAL_NULL_CONVERSION = YES;
				CLANG_WARN_OBJC_IMPLICIT_RETAIN_SELF = YES;
				CLANG_WARN_OBJC_LITERAL_CONVERSION = YES;
				CLANG_WARN_OBJC_ROOT_CLASS = YES_ERROR;
				CLANG_WARN_QUOTED_INCLUDE_IN_FRAMEWORK_HEADER = YES;
				CLANG_WARN_RANGE_LOOP_ANALYSIS = YES;
				CLANG_WARN_STRICT_PROTOTYPES = YES;
				CLANG_WARN_SUSPICIOUS_MOVE = YES;
				CLANG_WARN_UNGUARDED_AVAILABILITY = YES_AGGRESSIVE;
				CLANG_WARN_UNREACHABLE_CODE = YES;
				CLANG_WARN__DUPLICATE_METHOD_MATCH = YES;
				COPY_PHASE_STRIP = NO;
				DEBUG_INFORMATION_FORMAT = "dwarf-with-dsym";
				ENABLE_NS_ASSERTIONS = NO;
				ENABLE_STRICT_OBJC_MSGSEND = YES;
				GCC_C_LANGUAGE_STANDARD = gnu11;
				GCC_NO_COMMON_BLOCKS = YES;
				GCC_WARN_64_TO_32_BIT_CONVERSION = YES;
				GCC_WARN_ABOUT_RETURN_TYPE = YES_ERROR;
				GCC_WARN_UNDECLARED_SELECTOR = YES;
				GCC_WARN_UNINITIALIZED_AUTOS = YES_AGGRESSIVE;
				GCC_WARN_UNUSED_FUNCTION = YES;
				GCC_WARN_UNUSED_VARIABLE = YES;
				IPHONEOS_DEPLOYMENT_TARGET = 15.0;
				MTL_ENABLE_DEBUG_INFO = NO;
				MTL_FAST_MATH = YES;
				SDKROOT = iphoneos;
				SWIFT_COMPILATION_MODE = wholemodule;
				SWIFT_OPTIMIZATION_LEVEL = "-O";
				VALIDATE_PRODUCT = YES;
			};
			name = Release;
		};
		765A4F8F279510440034A328 /* Debug */ = {
			isa = XCBuildConfiguration;
			baseConfigurationReference = FCBD4895FD56136D5096DE43 /* Pods-SeSAC-Friends.debug.xcconfig */;
			buildSettings = {
				ASSETCATALOG_COMPILER_APPICON_NAME = AppIcon;
				ASSETCATALOG_COMPILER_GLOBAL_ACCENT_COLOR_NAME = AccentColor;
				CODE_SIGN_ENTITLEMENTS = "SeSAC-Friends/SeSAC-Friends.entitlements";
				CODE_SIGN_IDENTITY = "Apple Development";
				CODE_SIGN_STYLE = Automatic;
				CURRENT_PROJECT_VERSION = 1;
				DEVELOPMENT_TEAM = 2EZ5QWFYX2;
				GENERATE_INFOPLIST_FILE = YES;
				INFOPLIST_FILE = "SeSAC-Friends/Info.plist";
				INFOPLIST_KEY_UIApplicationSupportsIndirectInputEvents = YES;
				INFOPLIST_KEY_UILaunchStoryboardName = LaunchScreen;
				INFOPLIST_KEY_UISupportedInterfaceOrientations = UIInterfaceOrientationPortrait;
				INFOPLIST_KEY_UISupportedInterfaceOrientations_iPad = "UIInterfaceOrientationPortrait UIInterfaceOrientationPortraitUpsideDown UIInterfaceOrientationLandscapeLeft UIInterfaceOrientationLandscapeRight";
				INFOPLIST_KEY_UISupportedInterfaceOrientations_iPhone = "UIInterfaceOrientationPortrait UIInterfaceOrientationLandscapeLeft UIInterfaceOrientationLandscapeRight";
				IPHONEOS_DEPLOYMENT_TARGET = 13.0;
				LD_RUNPATH_SEARCH_PATHS = (
					"$(inherited)",
					"@executable_path/Frameworks",
				);
				MARKETING_VERSION = 1.0;
				PRODUCT_BUNDLE_IDENTIFIER = com.memolease.sesac1;
				PRODUCT_NAME = "$(TARGET_NAME)";
				PROVISIONING_PROFILE_SPECIFIER = "";
				SWIFT_EMIT_LOC_STRINGS = YES;
				SWIFT_VERSION = 5.0;
				TARGETED_DEVICE_FAMILY = 1;
			};
			name = Debug;
		};
		765A4F90279510440034A328 /* Release */ = {
			isa = XCBuildConfiguration;
			baseConfigurationReference = 3649F51854AF24D8B0DB4F88 /* Pods-SeSAC-Friends.release.xcconfig */;
			buildSettings = {
				ASSETCATALOG_COMPILER_APPICON_NAME = AppIcon;
				ASSETCATALOG_COMPILER_GLOBAL_ACCENT_COLOR_NAME = AccentColor;
				CODE_SIGN_ENTITLEMENTS = "SeSAC-Friends/SeSAC-Friends.entitlements";
				CODE_SIGN_IDENTITY = "Apple Development";
				CODE_SIGN_STYLE = Automatic;
				CURRENT_PROJECT_VERSION = 1;
				DEVELOPMENT_TEAM = 2EZ5QWFYX2;
				GENERATE_INFOPLIST_FILE = YES;
				INFOPLIST_FILE = "SeSAC-Friends/Info.plist";
				INFOPLIST_KEY_UIApplicationSupportsIndirectInputEvents = YES;
				INFOPLIST_KEY_UILaunchStoryboardName = LaunchScreen;
				INFOPLIST_KEY_UISupportedInterfaceOrientations = UIInterfaceOrientationPortrait;
				INFOPLIST_KEY_UISupportedInterfaceOrientations_iPad = "UIInterfaceOrientationPortrait UIInterfaceOrientationPortraitUpsideDown UIInterfaceOrientationLandscapeLeft UIInterfaceOrientationLandscapeRight";
				INFOPLIST_KEY_UISupportedInterfaceOrientations_iPhone = "UIInterfaceOrientationPortrait UIInterfaceOrientationLandscapeLeft UIInterfaceOrientationLandscapeRight";
				IPHONEOS_DEPLOYMENT_TARGET = 13.0;
				LD_RUNPATH_SEARCH_PATHS = (
					"$(inherited)",
					"@executable_path/Frameworks",
				);
				MARKETING_VERSION = 1.0;
				PRODUCT_BUNDLE_IDENTIFIER = com.memolease.sesac1;
				PRODUCT_NAME = "$(TARGET_NAME)";
				PROVISIONING_PROFILE_SPECIFIER = "";
				SWIFT_EMIT_LOC_STRINGS = YES;
				SWIFT_VERSION = 5.0;
				TARGETED_DEVICE_FAMILY = 1;
			};
			name = Release;
		};
		765A4F92279510440034A328 /* Debug */ = {
			isa = XCBuildConfiguration;
			baseConfigurationReference = 91CCE32BA0FF98052F72337F /* Pods-SeSAC-FriendsTests.debug.xcconfig */;
			buildSettings = {
				ALWAYS_EMBED_SWIFT_STANDARD_LIBRARIES = YES;
				BUNDLE_LOADER = "$(TEST_HOST)";
				CODE_SIGN_IDENTITY = "Apple Development";
				"CODE_SIGN_IDENTITY[sdk=macosx*]" = "Apple Development";
				CODE_SIGN_STYLE = Automatic;
				CURRENT_PROJECT_VERSION = 1;
				DEVELOPMENT_TEAM = 2EZ5QWFYX2;
				GENERATE_INFOPLIST_FILE = YES;
				IPHONEOS_DEPLOYMENT_TARGET = 15.0;
				LD_RUNPATH_SEARCH_PATHS = (
					"$(inherited)",
					"@executable_path/Frameworks",
					"@loader_path/Frameworks",
				);
				MARKETING_VERSION = 1.0;
				PRODUCT_BUNDLE_IDENTIFIER = "com.sookim.SeSAC-FriendsTests";
				PRODUCT_NAME = "$(TARGET_NAME)";
				PROVISIONING_PROFILE_SPECIFIER = "";
				"PROVISIONING_PROFILE_SPECIFIER[sdk=macosx*]" = "";
				SWIFT_EMIT_LOC_STRINGS = NO;
				SWIFT_VERSION = 5.0;
				TARGETED_DEVICE_FAMILY = "1,2";
				TEST_HOST = "$(BUILT_PRODUCTS_DIR)/SeSAC-Friends.app/SeSAC-Friends";
			};
			name = Debug;
		};
		765A4F93279510440034A328 /* Release */ = {
			isa = XCBuildConfiguration;
			baseConfigurationReference = 877E55BE2C47F8E371F7A836 /* Pods-SeSAC-FriendsTests.release.xcconfig */;
			buildSettings = {
				ALWAYS_EMBED_SWIFT_STANDARD_LIBRARIES = YES;
				BUNDLE_LOADER = "$(TEST_HOST)";
				CODE_SIGN_IDENTITY = "Apple Development";
				"CODE_SIGN_IDENTITY[sdk=macosx*]" = "Apple Development";
				CODE_SIGN_STYLE = Automatic;
				CURRENT_PROJECT_VERSION = 1;
				DEVELOPMENT_TEAM = 2EZ5QWFYX2;
				GENERATE_INFOPLIST_FILE = YES;
				IPHONEOS_DEPLOYMENT_TARGET = 15.0;
				LD_RUNPATH_SEARCH_PATHS = (
					"$(inherited)",
					"@executable_path/Frameworks",
					"@loader_path/Frameworks",
				);
				MARKETING_VERSION = 1.0;
				PRODUCT_BUNDLE_IDENTIFIER = "com.sookim.SeSAC-FriendsTests";
				PRODUCT_NAME = "$(TARGET_NAME)";
				PROVISIONING_PROFILE_SPECIFIER = "";
				"PROVISIONING_PROFILE_SPECIFIER[sdk=macosx*]" = "";
				SWIFT_EMIT_LOC_STRINGS = NO;
				SWIFT_VERSION = 5.0;
				TARGETED_DEVICE_FAMILY = "1,2";
				TEST_HOST = "$(BUILT_PRODUCTS_DIR)/SeSAC-Friends.app/SeSAC-Friends";
			};
			name = Release;
		};
		765A4F95279510440034A328 /* Debug */ = {
			isa = XCBuildConfiguration;
			baseConfigurationReference = 25B8D7E5B3BD2801FE885E09 /* Pods-SeSAC-Friends-SeSAC-FriendsUITests.debug.xcconfig */;
			buildSettings = {
				ALWAYS_EMBED_SWIFT_STANDARD_LIBRARIES = YES;
				CODE_SIGN_STYLE = Automatic;
				CURRENT_PROJECT_VERSION = 1;
				DEVELOPMENT_TEAM = 2EZ5QWFYX2;
				GENERATE_INFOPLIST_FILE = YES;
				LD_RUNPATH_SEARCH_PATHS = (
					"$(inherited)",
					"@executable_path/Frameworks",
					"@loader_path/Frameworks",
				);
				MARKETING_VERSION = 1.0;
				PRODUCT_BUNDLE_IDENTIFIER = "com.sookim.SeSAC-FriendsUITests";
				PRODUCT_NAME = "$(TARGET_NAME)";
				SWIFT_EMIT_LOC_STRINGS = NO;
				SWIFT_VERSION = 5.0;
				TARGETED_DEVICE_FAMILY = "1,2";
				TEST_TARGET_NAME = "SeSAC-Friends";
			};
			name = Debug;
		};
		765A4F96279510440034A328 /* Release */ = {
			isa = XCBuildConfiguration;
			baseConfigurationReference = F34915DCDA044ACD7CF9129A /* Pods-SeSAC-Friends-SeSAC-FriendsUITests.release.xcconfig */;
			buildSettings = {
				ALWAYS_EMBED_SWIFT_STANDARD_LIBRARIES = YES;
				CODE_SIGN_STYLE = Automatic;
				CURRENT_PROJECT_VERSION = 1;
				DEVELOPMENT_TEAM = 2EZ5QWFYX2;
				GENERATE_INFOPLIST_FILE = YES;
				LD_RUNPATH_SEARCH_PATHS = (
					"$(inherited)",
					"@executable_path/Frameworks",
					"@loader_path/Frameworks",
				);
				MARKETING_VERSION = 1.0;
				PRODUCT_BUNDLE_IDENTIFIER = "com.sookim.SeSAC-FriendsUITests";
				PRODUCT_NAME = "$(TARGET_NAME)";
				SWIFT_EMIT_LOC_STRINGS = NO;
				SWIFT_VERSION = 5.0;
				TARGETED_DEVICE_FAMILY = "1,2";
				TEST_TARGET_NAME = "SeSAC-Friends";
			};
			name = Release;
		};
/* End XCBuildConfiguration section */

/* Begin XCConfigurationList section */
		765A4F5F279510430034A328 /* Build configuration list for PBXProject "SeSAC-Friends" */ = {
			isa = XCConfigurationList;
			buildConfigurations = (
				765A4F8C279510440034A328 /* Debug */,
				765A4F8D279510440034A328 /* Release */,
			);
			defaultConfigurationIsVisible = 0;
			defaultConfigurationName = Release;
		};
		765A4F8E279510440034A328 /* Build configuration list for PBXNativeTarget "SeSAC-Friends" */ = {
			isa = XCConfigurationList;
			buildConfigurations = (
				765A4F8F279510440034A328 /* Debug */,
				765A4F90279510440034A328 /* Release */,
			);
			defaultConfigurationIsVisible = 0;
			defaultConfigurationName = Release;
		};
		765A4F91279510440034A328 /* Build configuration list for PBXNativeTarget "SeSAC-FriendsTests" */ = {
			isa = XCConfigurationList;
			buildConfigurations = (
				765A4F92279510440034A328 /* Debug */,
				765A4F93279510440034A328 /* Release */,
			);
			defaultConfigurationIsVisible = 0;
			defaultConfigurationName = Release;
		};
		765A4F94279510440034A328 /* Build configuration list for PBXNativeTarget "SeSAC-FriendsUITests" */ = {
			isa = XCConfigurationList;
			buildConfigurations = (
				765A4F95279510440034A328 /* Debug */,
				765A4F96279510440034A328 /* Release */,
			);
			defaultConfigurationIsVisible = 0;
			defaultConfigurationName = Release;
		};
/* End XCConfigurationList section */
	};
	rootObject = 765A4F5C279510430034A328 /* Project object */;
}
